Microsoft Visual Studio Solution File, Format Version 12.00
# Visual Studio Version 17
VisualStudioVersion = 17.5.2.0
MinimumVisualStudioVersion = 10.0.40219.1
Project("{2150E333-8FDC-42A3-9474-1A3956D46DE8}") = "src", "src", "{827E0CD3-B72D-47B6-A68D-7590B98EB39B}"
EndProject
Project("{2150E333-8FDC-42A3-9474-1A3956D46DE8}") = "BuildingBlocks", "BuildingBlocks", "{90298CBA-BD6F-3A0A-69D5-97CAD7B05E7E}"
EndProject
Project("{FAE04EC0-301F-11D3-BF4B-00C04F79EFBC}") = "S2O.Shared.Infra", "src\BuildingBlocks\S2O.Shared.Infra\S2O.Shared.Infra.csproj", "{119CAED8-74F5-BB4B-EA02-A96E208401D9}"
EndProject
Project("{FAE04EC0-301F-11D3-BF4B-00C04F79EFBC}") = "S2O.Shared.Kernel", "src\BuildingBlocks\S2O.Shared.Kernel\S2O.Shared.Kernel.csproj", "{13859F95-D2B1-5E23-1502-B3213F48BB32}"
EndProject
Project("{2150E333-8FDC-42A3-9474-1A3956D46DE8}") = "Gateways", "Gateways", "{CBE535C5-B51A-60E9-4D99-AC1BFAA908A1}"
EndProject
Project("{FAE04EC0-301F-11D3-BF4B-00C04F79EFBC}") = "S2O.Gateway", "src\Gateways\S2O.Gateway\S2O.Gateway.csproj", "{6DCC4766-8CA0-2D0D-4764-0AE651BC9732}"
EndProject
Project("{2150E333-8FDC-42A3-9474-1A3956D46DE8}") = "Services", "Services", "{984BB9B3-3FA3-BE33-9484-CAC21695A33C}"
EndProject
Project("{2150E333-8FDC-42A3-9474-1A3956D46DE8}") = "Booking", "Booking", "{4123167B-43F7-B7D6-9F7F-37C16FB29096}"
EndProject
Project("{FAE04EC0-301F-11D3-BF4B-00C04F79EFBC}") = "S2O.Booking.Api", "src\Services\Booking\S2O.Booking.Api\S2O.Booking.Api.csproj", "{6AF44346-7B5E-D3F6-8368-D3CA01D64316}"
EndProject
Project("{FAE04EC0-301F-11D3-BF4B-00C04F79EFBC}") = "S2O.Booking.App", "src\Services\Booking\S2O.Booking.App\S2O.Booking.App.csproj", "{4F79F074-9055-B15E-CD3F-40AB3F7C3898}"
EndProject
Project("{FAE04EC0-301F-11D3-BF4B-00C04F79EFBC}") = "S2O.Booking.Domain", "src\Services\Booking\S2O.Booking.Domain\S2O.Booking.Domain.csproj", "{0A278456-81BE-7C06-9830-4B113232D413}"
EndProject
Project("{FAE04EC0-301F-11D3-BF4B-00C04F79EFBC}") = "S2O.Booking.Infra", "src\Services\Booking\S2O.Booking.Infra\S2O.Booking.Infra.csproj", "{014ED6A1-B3AD-F19C-28FD-5797331EF2B3}"
EndProject
Project("{2150E333-8FDC-42A3-9474-1A3956D46DE8}") = "Catalog", "Catalog", "{C91C1CF1-1625-0789-F869-53D87D6277BA}"
EndProject
Project("{FAE04EC0-301F-11D3-BF4B-00C04F79EFBC}") = "S2O.Catalog.Api", "src\Services\Catalog\S2O.Catalog.Api\S2O.Catalog.Api.csproj", "{99419B8F-6583-878B-C28F-5B685877EEB7}"
EndProject
Project("{FAE04EC0-301F-11D3-BF4B-00C04F79EFBC}") = "S2O.Catalog.App", "src\Services\Catalog\S2O.Catalog.App\S2O.Catalog.App.csproj", "{C01C0349-E59E-65EF-95F2-F106B8EFB16F}"
EndProject
Project("{FAE04EC0-301F-11D3-BF4B-00C04F79EFBC}") = "S2O.Catalog.Domain", "src\Services\Catalog\S2O.Catalog.Domain\S2O.Catalog.Domain.csproj", "{98ACB059-E5DC-8CA9-755E-E1EEC29F8C12}"
EndProject
Project("{FAE04EC0-301F-11D3-BF4B-00C04F79EFBC}") = "S2O.Catalog.Infra", "src\Services\Catalog\S2O.Catalog.Infra\S2O.Catalog.Infra.csproj", "{18F30923-2A4B-7A21-3EC7-71B49E464D95}"
EndProject
Project("{2150E333-8FDC-42A3-9474-1A3956D46DE8}") = "Identity", "Identity", "{1BFC9479-12BF-35C3-06B8-42D89D95092B}"
EndProject
Project("{FAE04EC0-301F-11D3-BF4B-00C04F79EFBC}") = "S2O.Identity.Api", "src\Services\Identity\S2O.Identity.Api\S2O.Identity.Api.csproj", "{08E278DF-D0FB-06AC-50A6-DB21868D0656}"
EndProject
Project("{FAE04EC0-301F-11D3-BF4B-00C04F79EFBC}") = "S2O.Identity.App", "src\Services\Identity\S2O.Identity.App\S2O.Identity.App.csproj", "{49F02B93-E5B0-03FF-66AD-5B1A7C862536}"
EndProject
Project("{FAE04EC0-301F-11D3-BF4B-00C04F79EFBC}") = "S2O.Identity.Domain", "src\Services\Identity\S2O.Identity.Domain\S2O.Identity.Domain.csproj", "{F1C4777E-CB70-FBEC-816D-141824676193}"
EndProject
Project("{FAE04EC0-301F-11D3-BF4B-00C04F79EFBC}") = "S2O.Identity.Infra", "src\Services\Identity\S2O.Identity.Infra\S2O.Identity.Infra.csproj", "{EAED2956-5A43-B4C4-C1D4-A467702B7990}"
EndProject
Project("{2150E333-8FDC-42A3-9474-1A3956D46DE8}") = "Order", "Order", "{B851199A-4979-E597-3D50-97AC5992BBAF}"
EndProject
Project("{FAE04EC0-301F-11D3-BF4B-00C04F79EFBC}") = "S2O.Order.Api", "src\Services\Order\S2O.Order.Api\S2O.Order.Api.csproj", "{308B718E-25CB-53B0-3CBB-9516379F4BB0}"
EndProject
Project("{FAE04EC0-301F-11D3-BF4B-00C04F79EFBC}") = "S2O.Order.App", "src\Services\Order\S2O.Order.App\S2O.Order.App.csproj", "{BD759C21-99D0-862B-0A9C-49CDC357AB75}"
EndProject
Project("{FAE04EC0-301F-11D3-BF4B-00C04F79EFBC}") = "S2O.Order.Domain", "src\Services\Order\S2O.Order.Domain\S2O.Order.Domain.csproj", "{6C839D7B-CE42-04BC-AFB1-A80F7CD3826B}"
EndProject
Project("{FAE04EC0-301F-11D3-BF4B-00C04F79EFBC}") = "S2O.Order.Infra", "src\Services\Order\S2O.Order.Infra\S2O.Order.Infra.csproj", "{B403897B-85D8-2032-E7E1-9B0A7C6EF4E4}"
EndProject
Project("{2150E333-8FDC-42A3-9474-1A3956D46DE8}") = "Payment", "Payment", "{3FB03296-F262-2760-9861-73C41AF3766C}"
EndProject
Project("{FAE04EC0-301F-11D3-BF4B-00C04F79EFBC}") = "S2O.Payment.Api", "src\Services\Payment\S2O.Payment.Api\S2O.Payment.Api.csproj", "{99080628-057D-C7F1-7748-304E1728E54F}"
EndProject
Project("{FAE04EC0-301F-11D3-BF4B-00C04F79EFBC}") = "S2O.Payment.App", "src\Services\Payment\S2O.Payment.App\S2O.Payment.App.csproj", "{083BCB96-1091-FDBB-90F4-899564A909A0}"
EndProject
Project("{FAE04EC0-301F-11D3-BF4B-00C04F79EFBC}") = "S2O.Payment.Domain", "src\Services\Payment\S2O.Payment.Domain\S2O.Payment.Domain.csproj", "{0CAEDD33-F51F-3317-FDED-2690BA2A6DCD}"
EndProject
Project("{FAE04EC0-301F-11D3-BF4B-00C04F79EFBC}") = "S2O.Payment.Infra", "src\Services\Payment\S2O.Payment.Infra\S2O.Payment.Infra.csproj", "{13CE4118-7F31-69C1-EC38-0F840C676321}"
EndProject
Project("{2150E333-8FDC-42A3-9474-1A3956D46DE8}") = "Tenant", "Tenant", "{4137BF28-B899-3035-DC87-9BA2D48E7A87}"
EndProject
Project("{FAE04EC0-301F-11D3-BF4B-00C04F79EFBC}") = "S2O.Tenant.Api", "src\Services\Tenant\S2O.Tenant.Api\S2O.Tenant.Api.csproj", "{4A6CCC85-DCCC-BC8A-2EE4-AF8E92B592AC}"
EndProject
Project("{FAE04EC0-301F-11D3-BF4B-00C04F79EFBC}") = "S2O.Tenant.App", "src\Services\Tenant\S2O.Tenant.App\S2O.Tenant.App.csproj", "{C75FEAF0-609C-C1A3-1835-D3EBEAABEA06}"
EndProject
Project("{FAE04EC0-301F-11D3-BF4B-00C04F79EFBC}") = "S2O.Tenant.Domain", "src\Services\Tenant\S2O.Tenant.Domain\S2O.Tenant.Domain.csproj", "{B5DC5AAB-F999-5689-A89B-7B92F8513C4B}"
EndProject
Project("{FAE04EC0-301F-11D3-BF4B-00C04F79EFBC}") = "S2O.Tenant.Infra", "src\Services\Tenant\S2O.Tenant.Infra\S2O.Tenant.Infra.csproj", "{C6073409-1FE8-F501-7F22-0CBBDCBC5877}"
EndProject
Global
	GlobalSection(SolutionConfigurationPlatforms) = preSolution
		Debug|Any CPU = Debug|Any CPU
		Release|Any CPU = Release|Any CPU
	EndGlobalSection
	GlobalSection(ProjectConfigurationPlatforms) = postSolution
		{119CAED8-74F5-BB4B-EA02-A96E208401D9}.Debug|Any CPU.ActiveCfg = Debug|Any CPU
		{119CAED8-74F5-BB4B-EA02-A96E208401D9}.Debug|Any CPU.Build.0 = Debug|Any CPU
		{119CAED8-74F5-BB4B-EA02-A96E208401D9}.Release|Any CPU.ActiveCfg = Release|Any CPU
		{119CAED8-74F5-BB4B-EA02-A96E208401D9}.Release|Any CPU.Build.0 = Release|Any CPU
		{13859F95-D2B1-5E23-1502-B3213F48BB32}.Debug|Any CPU.ActiveCfg = Debug|Any CPU
		{13859F95-D2B1-5E23-1502-B3213F48BB32}.Debug|Any CPU.Build.0 = Debug|Any CPU
		{13859F95-D2B1-5E23-1502-B3213F48BB32}.Release|Any CPU.ActiveCfg = Release|Any CPU
		{13859F95-D2B1-5E23-1502-B3213F48BB32}.Release|Any CPU.Build.0 = Release|Any CPU
		{6DCC4766-8CA0-2D0D-4764-0AE651BC9732}.Debug|Any CPU.ActiveCfg = Debug|Any CPU
		{6DCC4766-8CA0-2D0D-4764-0AE651BC9732}.Debug|Any CPU.Build.0 = Debug|Any CPU
		{6DCC4766-8CA0-2D0D-4764-0AE651BC9732}.Release|Any CPU.ActiveCfg = Release|Any CPU
		{6DCC4766-8CA0-2D0D-4764-0AE651BC9732}.Release|Any CPU.Build.0 = Release|Any CPU
		{6AF44346-7B5E-D3F6-8368-D3CA01D64316}.Debug|Any CPU.ActiveCfg = Debug|Any CPU
		{6AF44346-7B5E-D3F6-8368-D3CA01D64316}.Debug|Any CPU.Build.0 = Debug|Any CPU
		{6AF44346-7B5E-D3F6-8368-D3CA01D64316}.Release|Any CPU.ActiveCfg = Release|Any CPU
		{6AF44346-7B5E-D3F6-8368-D3CA01D64316}.Release|Any CPU.Build.0 = Release|Any CPU
		{4F79F074-9055-B15E-CD3F-40AB3F7C3898}.Debug|Any CPU.ActiveCfg = Debug|Any CPU
		{4F79F074-9055-B15E-CD3F-40AB3F7C3898}.Debug|Any CPU.Build.0 = Debug|Any CPU
		{4F79F074-9055-B15E-CD3F-40AB3F7C3898}.Release|Any CPU.ActiveCfg = Release|Any CPU
		{4F79F074-9055-B15E-CD3F-40AB3F7C3898}.Release|Any CPU.Build.0 = Release|Any CPU
		{0A278456-81BE-7C06-9830-4B113232D413}.Debug|Any CPU.ActiveCfg = Debug|Any CPU
		{0A278456-81BE-7C06-9830-4B113232D413}.Debug|Any CPU.Build.0 = Debug|Any CPU
		{0A278456-81BE-7C06-9830-4B113232D413}.Release|Any CPU.ActiveCfg = Release|Any CPU
		{0A278456-81BE-7C06-9830-4B113232D413}.Release|Any CPU.Build.0 = Release|Any CPU
		{014ED6A1-B3AD-F19C-28FD-5797331EF2B3}.Debug|Any CPU.ActiveCfg = Debug|Any CPU
		{014ED6A1-B3AD-F19C-28FD-5797331EF2B3}.Debug|Any CPU.Build.0 = Debug|Any CPU
		{014ED6A1-B3AD-F19C-28FD-5797331EF2B3}.Release|Any CPU.ActiveCfg = Release|Any CPU
		{014ED6A1-B3AD-F19C-28FD-5797331EF2B3}.Release|Any CPU.Build.0 = Release|Any CPU
		{99419B8F-6583-878B-C28F-5B685877EEB7}.Debug|Any CPU.ActiveCfg = Debug|Any CPU
		{99419B8F-6583-878B-C28F-5B685877EEB7}.Debug|Any CPU.Build.0 = Debug|Any CPU
		{99419B8F-6583-878B-C28F-5B685877EEB7}.Release|Any CPU.ActiveCfg = Release|Any CPU
		{99419B8F-6583-878B-C28F-5B685877EEB7}.Release|Any CPU.Build.0 = Release|Any CPU
		{C01C0349-E59E-65EF-95F2-F106B8EFB16F}.Debug|Any CPU.ActiveCfg = Debug|Any CPU
		{C01C0349-E59E-65EF-95F2-F106B8EFB16F}.Debug|Any CPU.Build.0 = Debug|Any CPU
		{C01C0349-E59E-65EF-95F2-F106B8EFB16F}.Release|Any CPU.ActiveCfg = Release|Any CPU
		{C01C0349-E59E-65EF-95F2-F106B8EFB16F}.Release|Any CPU.Build.0 = Release|Any CPU
		{98ACB059-E5DC-8CA9-755E-E1EEC29F8C12}.Debug|Any CPU.ActiveCfg = Debug|Any CPU
		{98ACB059-E5DC-8CA9-755E-E1EEC29F8C12}.Debug|Any CPU.Build.0 = Debug|Any CPU
		{98ACB059-E5DC-8CA9-755E-E1EEC29F8C12}.Release|Any CPU.ActiveCfg = Release|Any CPU
		{98ACB059-E5DC-8CA9-755E-E1EEC29F8C12}.Release|Any CPU.Build.0 = Release|Any CPU
		{18F30923-2A4B-7A21-3EC7-71B49E464D95}.Debug|Any CPU.ActiveCfg = Debug|Any CPU
		{18F30923-2A4B-7A21-3EC7-71B49E464D95}.Debug|Any CPU.Build.0 = Debug|Any CPU
		{18F30923-2A4B-7A21-3EC7-71B49E464D95}.Release|Any CPU.ActiveCfg = Release|Any CPU
		{18F30923-2A4B-7A21-3EC7-71B49E464D95}.Release|Any CPU.Build.0 = Release|Any CPU
		{08E278DF-D0FB-06AC-50A6-DB21868D0656}.Debug|Any CPU.ActiveCfg = Debug|Any CPU
		{08E278DF-D0FB-06AC-50A6-DB21868D0656}.Debug|Any CPU.Build.0 = Debug|Any CPU
		{08E278DF-D0FB-06AC-50A6-DB21868D0656}.Release|Any CPU.ActiveCfg = Release|Any CPU
		{08E278DF-D0FB-06AC-50A6-DB21868D0656}.Release|Any CPU.Build.0 = Release|Any CPU
		{49F02B93-E5B0-03FF-66AD-5B1A7C862536}.Debug|Any CPU.ActiveCfg = Debug|Any CPU
		{49F02B93-E5B0-03FF-66AD-5B1A7C862536}.Debug|Any CPU.Build.0 = Debug|Any CPU
		{49F02B93-E5B0-03FF-66AD-5B1A7C862536}.Release|Any CPU.ActiveCfg = Release|Any CPU
		{49F02B93-E5B0-03FF-66AD-5B1A7C862536}.Release|Any CPU.Build.0 = Release|Any CPU
		{F1C4777E-CB70-FBEC-816D-141824676193}.Debug|Any CPU.ActiveCfg = Debug|Any CPU
		{F1C4777E-CB70-FBEC-816D-141824676193}.Debug|Any CPU.Build.0 = Debug|Any CPU
		{F1C4777E-CB70-FBEC-816D-141824676193}.Release|Any CPU.ActiveCfg = Release|Any CPU
		{F1C4777E-CB70-FBEC-816D-141824676193}.Release|Any CPU.Build.0 = Release|Any CPU
		{EAED2956-5A43-B4C4-C1D4-A467702B7990}.Debug|Any CPU.ActiveCfg = Debug|Any CPU
		{EAED2956-5A43-B4C4-C1D4-A467702B7990}.Debug|Any CPU.Build.0 = Debug|Any CPU
		{EAED2956-5A43-B4C4-C1D4-A467702B7990}.Release|Any CPU.ActiveCfg = Release|Any CPU
		{EAED2956-5A43-B4C4-C1D4-A467702B7990}.Release|Any CPU.Build.0 = Release|Any CPU
		{308B718E-25CB-53B0-3CBB-9516379F4BB0}.Debug|Any CPU.ActiveCfg = Debug|Any CPU
		{308B718E-25CB-53B0-3CBB-9516379F4BB0}.Debug|Any CPU.Build.0 = Debug|Any CPU
		{308B718E-25CB-53B0-3CBB-9516379F4BB0}.Release|Any CPU.ActiveCfg = Release|Any CPU
		{308B718E-25CB-53B0-3CBB-9516379F4BB0}.Release|Any CPU.Build.0 = Release|Any CPU
		{BD759C21-99D0-862B-0A9C-49CDC357AB75}.Debug|Any CPU.ActiveCfg = Debug|Any CPU
		{BD759C21-99D0-862B-0A9C-49CDC357AB75}.Debug|Any CPU.Build.0 = Debug|Any CPU
		{BD759C21-99D0-862B-0A9C-49CDC357AB75}.Release|Any CPU.ActiveCfg = Release|Any CPU
		{BD759C21-99D0-862B-0A9C-49CDC357AB75}.Release|Any CPU.Build.0 = Release|Any CPU
		{6C839D7B-CE42-04BC-AFB1-A80F7CD3826B}.Debug|Any CPU.ActiveCfg = Debug|Any CPU
		{6C839D7B-CE42-04BC-AFB1-A80F7CD3826B}.Debug|Any CPU.Build.0 = Debug|Any CPU
		{6C839D7B-CE42-04BC-AFB1-A80F7CD3826B}.Release|Any CPU.ActiveCfg = Release|Any CPU
		{6C839D7B-CE42-04BC-AFB1-A80F7CD3826B}.Release|Any CPU.Build.0 = Release|Any CPU
		{B403897B-85D8-2032-E7E1-9B0A7C6EF4E4}.Debug|Any CPU.ActiveCfg = Debug|Any CPU
		{B403897B-85D8-2032-E7E1-9B0A7C6EF4E4}.Debug|Any CPU.Build.0 = Debug|Any CPU
		{B403897B-85D8-2032-E7E1-9B0A7C6EF4E4}.Release|Any CPU.ActiveCfg = Release|Any CPU
		{B403897B-85D8-2032-E7E1-9B0A7C6EF4E4}.Release|Any CPU.Build.0 = Release|Any CPU
		{99080628-057D-C7F1-7748-304E1728E54F}.Debug|Any CPU.ActiveCfg = Debug|Any CPU
		{99080628-057D-C7F1-7748-304E1728E54F}.Debug|Any CPU.Build.0 = Debug|Any CPU
		{99080628-057D-C7F1-7748-304E1728E54F}.Release|Any CPU.ActiveCfg = Release|Any CPU
		{99080628-057D-C7F1-7748-304E1728E54F}.Release|Any CPU.Build.0 = Release|Any CPU
		{083BCB96-1091-FDBB-90F4-899564A909A0}.Debug|Any CPU.ActiveCfg = Debug|Any CPU
		{083BCB96-1091-FDBB-90F4-899564A909A0}.Debug|Any CPU.Build.0 = Debug|Any CPU
		{083BCB96-1091-FDBB-90F4-899564A909A0}.Release|Any CPU.ActiveCfg = Release|Any CPU
		{083BCB96-1091-FDBB-90F4-899564A909A0}.Release|Any CPU.Build.0 = Release|Any CPU
		{0CAEDD33-F51F-3317-FDED-2690BA2A6DCD}.Debug|Any CPU.ActiveCfg = Debug|Any CPU
		{0CAEDD33-F51F-3317-FDED-2690BA2A6DCD}.Debug|Any CPU.Build.0 = Debug|Any CPU
		{0CAEDD33-F51F-3317-FDED-2690BA2A6DCD}.Release|Any CPU.ActiveCfg = Release|Any CPU
		{0CAEDD33-F51F-3317-FDED-2690BA2A6DCD}.Release|Any CPU.Build.0 = Release|Any CPU
		{13CE4118-7F31-69C1-EC38-0F840C676321}.Debug|Any CPU.ActiveCfg = Debug|Any CPU
		{13CE4118-7F31-69C1-EC38-0F840C676321}.Debug|Any CPU.Build.0 = Debug|Any CPU
		{13CE4118-7F31-69C1-EC38-0F840C676321}.Release|Any CPU.ActiveCfg = Release|Any CPU
		{13CE4118-7F31-69C1-EC38-0F840C676321}.Release|Any CPU.Build.0 = Release|Any CPU
		{4A6CCC85-DCCC-BC8A-2EE4-AF8E92B592AC}.Debug|Any CPU.ActiveCfg = Debug|Any CPU
		{4A6CCC85-DCCC-BC8A-2EE4-AF8E92B592AC}.Debug|Any CPU.Build.0 = Debug|Any CPU
		{4A6CCC85-DCCC-BC8A-2EE4-AF8E92B592AC}.Release|Any CPU.ActiveCfg = Release|Any CPU
		{4A6CCC85-DCCC-BC8A-2EE4-AF8E92B592AC}.Release|Any CPU.Build.0 = Release|Any CPU
		{C75FEAF0-609C-C1A3-1835-D3EBEAABEA06}.Debug|Any CPU.ActiveCfg = Debug|Any CPU
		{C75FEAF0-609C-C1A3-1835-D3EBEAABEA06}.Debug|Any CPU.Build.0 = Debug|Any CPU
		{C75FEAF0-609C-C1A3-1835-D3EBEAABEA06}.Release|Any CPU.ActiveCfg = Release|Any CPU
		{C75FEAF0-609C-C1A3-1835-D3EBEAABEA06}.Release|Any CPU.Build.0 = Release|Any CPU
		{B5DC5AAB-F999-5689-A89B-7B92F8513C4B}.Debug|Any CPU.ActiveCfg = Debug|Any CPU
		{B5DC5AAB-F999-5689-A89B-7B92F8513C4B}.Debug|Any CPU.Build.0 = Debug|Any CPU
		{B5DC5AAB-F999-5689-A89B-7B92F8513C4B}.Release|Any CPU.ActiveCfg = Release|Any CPU
		{B5DC5AAB-F999-5689-A89B-7B92F8513C4B}.Release|Any CPU.Build.0 = Release|Any CPU
		{C6073409-1FE8-F501-7F22-0CBBDCBC5877}.Debug|Any CPU.ActiveCfg = Debug|Any CPU
		{C6073409-1FE8-F501-7F22-0CBBDCBC5877}.Debug|Any CPU.Build.0 = Debug|Any CPU
		{C6073409-1FE8-F501-7F22-0CBBDCBC5877}.Release|Any CPU.ActiveCfg = Release|Any CPU
		{C6073409-1FE8-F501-7F22-0CBBDCBC5877}.Release|Any CPU.Build.0 = Release|Any CPU
	EndGlobalSection
	GlobalSection(SolutionProperties) = preSolution
		HideSolutionNode = FALSE
	EndGlobalSection
	GlobalSection(NestedProjects) = preSolution
		{90298CBA-BD6F-3A0A-69D5-97CAD7B05E7E} = {827E0CD3-B72D-47B6-A68D-7590B98EB39B}
		{119CAED8-74F5-BB4B-EA02-A96E208401D9} = {90298CBA-BD6F-3A0A-69D5-97CAD7B05E7E}
		{13859F95-D2B1-5E23-1502-B3213F48BB32} = {90298CBA-BD6F-3A0A-69D5-97CAD7B05E7E}
		{CBE535C5-B51A-60E9-4D99-AC1BFAA908A1} = {827E0CD3-B72D-47B6-A68D-7590B98EB39B}
		{6DCC4766-8CA0-2D0D-4764-0AE651BC9732} = {CBE535C5-B51A-60E9-4D99-AC1BFAA908A1}
		{984BB9B3-3FA3-BE33-9484-CAC21695A33C} = {827E0CD3-B72D-47B6-A68D-7590B98EB39B}
		{4123167B-43F7-B7D6-9F7F-37C16FB29096} = {984BB9B3-3FA3-BE33-9484-CAC21695A33C}
		{6AF44346-7B5E-D3F6-8368-D3CA01D64316} = {4123167B-43F7-B7D6-9F7F-37C16FB29096}
		{4F79F074-9055-B15E-CD3F-40AB3F7C3898} = {4123167B-43F7-B7D6-9F7F-37C16FB29096}
		{0A278456-81BE-7C06-9830-4B113232D413} = {4123167B-43F7-B7D6-9F7F-37C16FB29096}
		{014ED6A1-B3AD-F19C-28FD-5797331EF2B3} = {4123167B-43F7-B7D6-9F7F-37C16FB29096}
		{C91C1CF1-1625-0789-F869-53D87D6277BA} = {984BB9B3-3FA3-BE33-9484-CAC21695A33C}
		{99419B8F-6583-878B-C28F-5B685877EEB7} = {C91C1CF1-1625-0789-F869-53D87D6277BA}
		{C01C0349-E59E-65EF-95F2-F106B8EFB16F} = {C91C1CF1-1625-0789-F869-53D87D6277BA}
		{98ACB059-E5DC-8CA9-755E-E1EEC29F8C12} = {C91C1CF1-1625-0789-F869-53D87D6277BA}
		{18F30923-2A4B-7A21-3EC7-71B49E464D95} = {C91C1CF1-1625-0789-F869-53D87D6277BA}
		{1BFC9479-12BF-35C3-06B8-42D89D95092B} = {984BB9B3-3FA3-BE33-9484-CAC21695A33C}
		{08E278DF-D0FB-06AC-50A6-DB21868D0656} = {1BFC9479-12BF-35C3-06B8-42D89D95092B}
		{49F02B93-E5B0-03FF-66AD-5B1A7C862536} = {1BFC9479-12BF-35C3-06B8-42D89D95092B}
		{F1C4777E-CB70-FBEC-816D-141824676193} = {1BFC9479-12BF-35C3-06B8-42D89D95092B}
		{EAED2956-5A43-B4C4-C1D4-A467702B7990} = {1BFC9479-12BF-35C3-06B8-42D89D95092B}
		{B851199A-4979-E597-3D50-97AC5992BBAF} = {984BB9B3-3FA3-BE33-9484-CAC21695A33C}
		{308B718E-25CB-53B0-3CBB-9516379F4BB0} = {B851199A-4979-E597-3D50-97AC5992BBAF}
		{BD759C21-99D0-862B-0A9C-49CDC357AB75} = {B851199A-4979-E597-3D50-97AC5992BBAF}
		{6C839D7B-CE42-04BC-AFB1-A80F7CD3826B} = {B851199A-4979-E597-3D50-97AC5992BBAF}
		{B403897B-85D8-2032-E7E1-9B0A7C6EF4E4} = {B851199A-4979-E597-3D50-97AC5992BBAF}
		{3FB03296-F262-2760-9861-73C41AF3766C} = {984BB9B3-3FA3-BE33-9484-CAC21695A33C}
		{99080628-057D-C7F1-7748-304E1728E54F} = {3FB03296-F262-2760-9861-73C41AF3766C}
		{083BCB96-1091-FDBB-90F4-899564A909A0} = {3FB03296-F262-2760-9861-73C41AF3766C}
		{0CAEDD33-F51F-3317-FDED-2690BA2A6DCD} = {3FB03296-F262-2760-9861-73C41AF3766C}
		{13CE4118-7F31-69C1-EC38-0F840C676321} = {3FB03296-F262-2760-9861-73C41AF3766C}
		{4137BF28-B899-3035-DC87-9BA2D48E7A87} = {984BB9B3-3FA3-BE33-9484-CAC21695A33C}
		{4A6CCC85-DCCC-BC8A-2EE4-AF8E92B592AC} = {4137BF28-B899-3035-DC87-9BA2D48E7A87}
		{C75FEAF0-609C-C1A3-1835-D3EBEAABEA06} = {4137BF28-B899-3035-DC87-9BA2D48E7A87}
		{B5DC5AAB-F999-5689-A89B-7B92F8513C4B} = {4137BF28-B899-3035-DC87-9BA2D48E7A87}
		{C6073409-1FE8-F501-7F22-0CBBDCBC5877} = {4137BF28-B899-3035-DC87-9BA2D48E7A87}
	EndGlobalSection
	GlobalSection(ExtensibilityGlobals) = postSolution
		SolutionGuid = {16393373-54E9-460B-99F1-239570C3F7FD}
	EndGlobalSection
EndGlobal
