
Microsoft Visual Studio Solution File, Format Version 12.00
# Visual Studio Version 17
VisualStudioVersion = 17.0.31903.59
MinimumVisualStudioVersion = 10.0.40219.1
Project("{2150E333-8FDC-42A3-9474-1A3956D46DE8}") = "backend", "backend", "{1AE8ACA6-933B-BF2A-3671-3E2EAC007D16}"
	ProjectSection(SolutionItems) = preProject
		.gitignore = .gitignore
	EndProjectSection
EndProject
Project("{FAE04EC0-301F-11D3-BF4B-00C04F79EFBC}") = "S20.Auth.Domain", "backend\S2O.Domain\S20.Auth.Domain.csproj", "{3037691D-9746-444E-BD28-4B5BF203EBBC}"
EndProject
Project("{FAE04EC0-301F-11D3-BF4B-00C04F79EFBC}") = "S2O.Auth.Application", "backend\S2O.Application\S2O.Auth.Application.csproj", "{CDBF6725-5D3D-4AE5-9ED4-62B06E7F9D17}"
EndProject
Project("{FAE04EC0-301F-11D3-BF4B-00C04F79EFBC}") = "S2O.Auth.Infrastructure", "backend\S2O.Infrastructure\S2O.Auth.Infrastructure.csproj", "{F720FB4D-B558-4AD6-87E4-864FC65D878D}"
EndProject
Project("{FAE04EC0-301F-11D3-BF4B-00C04F79EFBC}") = "S20.Auth.API", "backend\S2O.API\S20.Auth.API.csproj", "{8B5B5AEE-D10A-4086-9149-BEAF14B30844}"
EndProject
Project("{2150E333-8FDC-42A3-9474-1A3956D46DE8}") = "S20.Authentication", "S20.Authentication", "{02EA681E-C7D8-13C7-8484-4AC65E1B71E8}"
EndProject
Project("{2150E333-8FDC-42A3-9474-1A3956D46DE8}") = "Service", "Service", "{8248113B-1EF5-4A7E-BF8A-5216F65E0876}"
EndProject
Project("{2150E333-8FDC-42A3-9474-1A3956D46DE8}") = "S20.Customer", "S20.Customer", "{FE53C074-1A4D-4071-852F-18029C0A9527}"
EndProject
Project("{FAE04EC0-301F-11D3-BF4B-00C04F79EFBC}") = "S20.Customer.API", "S20.Customer.API\S20.Customer.API.csproj", "{EDE7198B-6CF1-43BE-AEB4-AE750EDB33CF}"
EndProject
Project("{FAE04EC0-301F-11D3-BF4B-00C04F79EFBC}") = "S2O.Customer.Domain", "S2O.Customer.API\S2O.Customer.Domain.csproj", "{707BF72B-893C-4C33-B294-4EF4DB6F79B3}"
EndProject
Project("{FAE04EC0-301F-11D3-BF4B-00C04F79EFBC}") = "S2O.Customer.Application", "S2O.Customer.Application\S2O.Customer.Application.csproj", "{8EC566F5-1BC7-4F09-B025-90C9BC7B1FBB}"
EndProject
Project("{FAE04EC0-301F-11D3-BF4B-00C04F79EFBC}") = "S2O.Customer.Infrastructure", "S2O.Customer.Infrastructure\S2O.Customer.Infrastructure.csproj", "{C6BCC982-D87F-4184-AA1B-13828571250B}"
EndProject
Project("{2150E333-8FDC-42A3-9474-1A3956D46DE8}") = "S20.Ordering", "S20.Ordering", "{AF3DC984-AFE7-47D4-AF65-F02857E4877D}"
EndProject
Project("{FAE04EC0-301F-11D3-BF4B-00C04F79EFBC}") = "S2O.Ordering.API", "S2O.Ordering.API\S2O.Ordering.API.csproj", "{EC65A9DB-1DA2-4000-8132-2BCDFFC6C04D}"
EndProject
Project("{FAE04EC0-301F-11D3-BF4B-00C04F79EFBC}") = "S2O.Ordering.Domain", "S2O.Ordering.Domain\S2O.Ordering.Domain.csproj", "{6DE6A578-D7EF-4DE1-A35B-4B76A2FE650F}"
EndProject
Project("{FAE04EC0-301F-11D3-BF4B-00C04F79EFBC}") = "S2O.Ordering.Application", "S2O.Ordering.Application\S2O.Ordering.Application.csproj", "{FD4F9535-9F24-4122-8B5B-374E218835F5}"
EndProject
Project("{FAE04EC0-301F-11D3-BF4B-00C04F79EFBC}") = "S2O.Ordering.Infrastructure", "S2O.Ordering.Infrastructure\S2O.Ordering.Infrastructure.csproj", "{B42FF864-E7B9-4BD0-BDEA-11249E8B55D3}"
EndProject
Project("{2150E333-8FDC-42A3-9474-1A3956D46DE8}") = "BuildingBlocks", "BuildingBlocks", "{89A94AF6-7886-4CA2-8124-B07FD326DAC6}"
EndProject
Project("{FAE04EC0-301F-11D3-BF4B-00C04F79EFBC}") = "S20.Share", "S20.Share\S20.Share.csproj", "{B387FD8B-80E7-4BE6-B6BC-595947C0ADDC}"
EndProject
Global
	GlobalSection(SolutionConfigurationPlatforms) = preSolution
		Debug|Any CPU = Debug|Any CPU
		Debug|x64 = Debug|x64
		Debug|x86 = Debug|x86
		Release|Any CPU = Release|Any CPU
		Release|x64 = Release|x64
		Release|x86 = Release|x86
	EndGlobalSection
	GlobalSection(ProjectConfigurationPlatforms) = postSolution
		{3037691D-9746-444E-BD28-4B5BF203EBBC}.Debug|Any CPU.ActiveCfg = Debug|Any CPU
		{3037691D-9746-444E-BD28-4B5BF203EBBC}.Debug|Any CPU.Build.0 = Debug|Any CPU
		{3037691D-9746-444E-BD28-4B5BF203EBBC}.Debug|x64.ActiveCfg = Debug|Any CPU
		{3037691D-9746-444E-BD28-4B5BF203EBBC}.Debug|x64.Build.0 = Debug|Any CPU
		{3037691D-9746-444E-BD28-4B5BF203EBBC}.Debug|x86.ActiveCfg = Debug|Any CPU
		{3037691D-9746-444E-BD28-4B5BF203EBBC}.Debug|x86.Build.0 = Debug|Any CPU
		{3037691D-9746-444E-BD28-4B5BF203EBBC}.Release|Any CPU.ActiveCfg = Release|Any CPU
		{3037691D-9746-444E-BD28-4B5BF203EBBC}.Release|Any CPU.Build.0 = Release|Any CPU
		{3037691D-9746-444E-BD28-4B5BF203EBBC}.Release|x64.ActiveCfg = Release|Any CPU
		{3037691D-9746-444E-BD28-4B5BF203EBBC}.Release|x64.Build.0 = Release|Any CPU
		{3037691D-9746-444E-BD28-4B5BF203EBBC}.Release|x86.ActiveCfg = Release|Any CPU
		{3037691D-9746-444E-BD28-4B5BF203EBBC}.Release|x86.Build.0 = Release|Any CPU
		{CDBF6725-5D3D-4AE5-9ED4-62B06E7F9D17}.Debug|Any CPU.ActiveCfg = Debug|Any CPU
		{CDBF6725-5D3D-4AE5-9ED4-62B06E7F9D17}.Debug|Any CPU.Build.0 = Debug|Any CPU
		{CDBF6725-5D3D-4AE5-9ED4-62B06E7F9D17}.Debug|x64.ActiveCfg = Debug|Any CPU
		{CDBF6725-5D3D-4AE5-9ED4-62B06E7F9D17}.Debug|x64.Build.0 = Debug|Any CPU
		{CDBF6725-5D3D-4AE5-9ED4-62B06E7F9D17}.Debug|x86.ActiveCfg = Debug|Any CPU
		{CDBF6725-5D3D-4AE5-9ED4-62B06E7F9D17}.Debug|x86.Build.0 = Debug|Any CPU
		{CDBF6725-5D3D-4AE5-9ED4-62B06E7F9D17}.Release|Any CPU.ActiveCfg = Release|Any CPU
		{CDBF6725-5D3D-4AE5-9ED4-62B06E7F9D17}.Release|Any CPU.Build.0 = Release|Any CPU
		{CDBF6725-5D3D-4AE5-9ED4-62B06E7F9D17}.Release|x64.ActiveCfg = Release|Any CPU
		{CDBF6725-5D3D-4AE5-9ED4-62B06E7F9D17}.Release|x64.Build.0 = Release|Any CPU
		{CDBF6725-5D3D-4AE5-9ED4-62B06E7F9D17}.Release|x86.ActiveCfg = Release|Any CPU
		{CDBF6725-5D3D-4AE5-9ED4-62B06E7F9D17}.Release|x86.Build.0 = Release|Any CPU
		{F720FB4D-B558-4AD6-87E4-864FC65D878D}.Debug|Any CPU.ActiveCfg = Debug|Any CPU
		{F720FB4D-B558-4AD6-87E4-864FC65D878D}.Debug|Any CPU.Build.0 = Debug|Any CPU
		{F720FB4D-B558-4AD6-87E4-864FC65D878D}.Debug|x64.ActiveCfg = Debug|Any CPU
		{F720FB4D-B558-4AD6-87E4-864FC65D878D}.Debug|x64.Build.0 = Debug|Any CPU
		{F720FB4D-B558-4AD6-87E4-864FC65D878D}.Debug|x86.ActiveCfg = Debug|Any CPU
		{F720FB4D-B558-4AD6-87E4-864FC65D878D}.Debug|x86.Build.0 = Debug|Any CPU
		{F720FB4D-B558-4AD6-87E4-864FC65D878D}.Release|Any CPU.ActiveCfg = Release|Any CPU
		{F720FB4D-B558-4AD6-87E4-864FC65D878D}.Release|Any CPU.Build.0 = Release|Any CPU
		{F720FB4D-B558-4AD6-87E4-864FC65D878D}.Release|x64.ActiveCfg = Release|Any CPU
		{F720FB4D-B558-4AD6-87E4-864FC65D878D}.Release|x64.Build.0 = Release|Any CPU
		{F720FB4D-B558-4AD6-87E4-864FC65D878D}.Release|x86.ActiveCfg = Release|Any CPU
		{F720FB4D-B558-4AD6-87E4-864FC65D878D}.Release|x86.Build.0 = Release|Any CPU
		{8B5B5AEE-D10A-4086-9149-BEAF14B30844}.Debug|Any CPU.ActiveCfg = Debug|Any CPU
		{8B5B5AEE-D10A-4086-9149-BEAF14B30844}.Debug|Any CPU.Build.0 = Debug|Any CPU
		{8B5B5AEE-D10A-4086-9149-BEAF14B30844}.Debug|x64.ActiveCfg = Debug|Any CPU
		{8B5B5AEE-D10A-4086-9149-BEAF14B30844}.Debug|x64.Build.0 = Debug|Any CPU
		{8B5B5AEE-D10A-4086-9149-BEAF14B30844}.Debug|x86.ActiveCfg = Debug|Any CPU
		{8B5B5AEE-D10A-4086-9149-BEAF14B30844}.Debug|x86.Build.0 = Debug|Any CPU
		{8B5B5AEE-D10A-4086-9149-BEAF14B30844}.Release|Any CPU.ActiveCfg = Release|Any CPU
		{8B5B5AEE-D10A-4086-9149-BEAF14B30844}.Release|Any CPU.Build.0 = Release|Any CPU
		{8B5B5AEE-D10A-4086-9149-BEAF14B30844}.Release|x64.ActiveCfg = Release|Any CPU
		{8B5B5AEE-D10A-4086-9149-BEAF14B30844}.Release|x64.Build.0 = Release|Any CPU
		{8B5B5AEE-D10A-4086-9149-BEAF14B30844}.Release|x86.ActiveCfg = Release|Any CPU
		{8B5B5AEE-D10A-4086-9149-BEAF14B30844}.Release|x86.Build.0 = Release|Any CPU
		{EDE7198B-6CF1-43BE-AEB4-AE750EDB33CF}.Debug|Any CPU.ActiveCfg = Debug|Any CPU
		{EDE7198B-6CF1-43BE-AEB4-AE750EDB33CF}.Debug|Any CPU.Build.0 = Debug|Any CPU
		{EDE7198B-6CF1-43BE-AEB4-AE750EDB33CF}.Debug|x64.ActiveCfg = Debug|Any CPU
		{EDE7198B-6CF1-43BE-AEB4-AE750EDB33CF}.Debug|x64.Build.0 = Debug|Any CPU
		{EDE7198B-6CF1-43BE-AEB4-AE750EDB33CF}.Debug|x86.ActiveCfg = Debug|Any CPU
		{EDE7198B-6CF1-43BE-AEB4-AE750EDB33CF}.Debug|x86.Build.0 = Debug|Any CPU
		{EDE7198B-6CF1-43BE-AEB4-AE750EDB33CF}.Release|Any CPU.ActiveCfg = Release|Any CPU
		{EDE7198B-6CF1-43BE-AEB4-AE750EDB33CF}.Release|Any CPU.Build.0 = Release|Any CPU
		{EDE7198B-6CF1-43BE-AEB4-AE750EDB33CF}.Release|x64.ActiveCfg = Release|Any CPU
		{EDE7198B-6CF1-43BE-AEB4-AE750EDB33CF}.Release|x64.Build.0 = Release|Any CPU
		{EDE7198B-6CF1-43BE-AEB4-AE750EDB33CF}.Release|x86.ActiveCfg = Release|Any CPU
		{EDE7198B-6CF1-43BE-AEB4-AE750EDB33CF}.Release|x86.Build.0 = Release|Any CPU
		{707BF72B-893C-4C33-B294-4EF4DB6F79B3}.Debug|Any CPU.ActiveCfg = Debug|Any CPU
		{707BF72B-893C-4C33-B294-4EF4DB6F79B3}.Debug|Any CPU.Build.0 = Debug|Any CPU
		{707BF72B-893C-4C33-B294-4EF4DB6F79B3}.Debug|x64.ActiveCfg = Debug|Any CPU
		{707BF72B-893C-4C33-B294-4EF4DB6F79B3}.Debug|x64.Build.0 = Debug|Any CPU
		{707BF72B-893C-4C33-B294-4EF4DB6F79B3}.Debug|x86.ActiveCfg = Debug|Any CPU
		{707BF72B-893C-4C33-B294-4EF4DB6F79B3}.Debug|x86.Build.0 = Debug|Any CPU
		{707BF72B-893C-4C33-B294-4EF4DB6F79B3}.Release|Any CPU.ActiveCfg = Release|Any CPU
		{707BF72B-893C-4C33-B294-4EF4DB6F79B3}.Release|Any CPU.Build.0 = Release|Any CPU
		{707BF72B-893C-4C33-B294-4EF4DB6F79B3}.Release|x64.ActiveCfg = Release|Any CPU
		{707BF72B-893C-4C33-B294-4EF4DB6F79B3}.Release|x64.Build.0 = Release|Any CPU
		{707BF72B-893C-4C33-B294-4EF4DB6F79B3}.Release|x86.ActiveCfg = Release|Any CPU
		{707BF72B-893C-4C33-B294-4EF4DB6F79B3}.Release|x86.Build.0 = Release|Any CPU
		{8EC566F5-1BC7-4F09-B025-90C9BC7B1FBB}.Debug|Any CPU.ActiveCfg = Debug|Any CPU
		{8EC566F5-1BC7-4F09-B025-90C9BC7B1FBB}.Debug|Any CPU.Build.0 = Debug|Any CPU
		{8EC566F5-1BC7-4F09-B025-90C9BC7B1FBB}.Debug|x64.ActiveCfg = Debug|Any CPU
		{8EC566F5-1BC7-4F09-B025-90C9BC7B1FBB}.Debug|x64.Build.0 = Debug|Any CPU
		{8EC566F5-1BC7-4F09-B025-90C9BC7B1FBB}.Debug|x86.ActiveCfg = Debug|Any CPU
		{8EC566F5-1BC7-4F09-B025-90C9BC7B1FBB}.Debug|x86.Build.0 = Debug|Any CPU
		{8EC566F5-1BC7-4F09-B025-90C9BC7B1FBB}.Release|Any CPU.ActiveCfg = Release|Any CPU
		{8EC566F5-1BC7-4F09-B025-90C9BC7B1FBB}.Release|Any CPU.Build.0 = Release|Any CPU
		{8EC566F5-1BC7-4F09-B025-90C9BC7B1FBB}.Release|x64.ActiveCfg = Release|Any CPU
		{8EC566F5-1BC7-4F09-B025-90C9BC7B1FBB}.Release|x64.Build.0 = Release|Any CPU
		{8EC566F5-1BC7-4F09-B025-90C9BC7B1FBB}.Release|x86.ActiveCfg = Release|Any CPU
		{8EC566F5-1BC7-4F09-B025-90C9BC7B1FBB}.Release|x86.Build.0 = Release|Any CPU
		{C6BCC982-D87F-4184-AA1B-13828571250B}.Debug|Any CPU.ActiveCfg = Debug|Any CPU
		{C6BCC982-D87F-4184-AA1B-13828571250B}.Debug|Any CPU.Build.0 = Debug|Any CPU
		{C6BCC982-D87F-4184-AA1B-13828571250B}.Debug|x64.ActiveCfg = Debug|Any CPU
		{C6BCC982-D87F-4184-AA1B-13828571250B}.Debug|x64.Build.0 = Debug|Any CPU
		{C6BCC982-D87F-4184-AA1B-13828571250B}.Debug|x86.ActiveCfg = Debug|Any CPU
		{C6BCC982-D87F-4184-AA1B-13828571250B}.Debug|x86.Build.0 = Debug|Any CPU
		{C6BCC982-D87F-4184-AA1B-13828571250B}.Release|Any CPU.ActiveCfg = Release|Any CPU
		{C6BCC982-D87F-4184-AA1B-13828571250B}.Release|Any CPU.Build.0 = Release|Any CPU
		{C6BCC982-D87F-4184-AA1B-13828571250B}.Release|x64.ActiveCfg = Release|Any CPU
		{C6BCC982-D87F-4184-AA1B-13828571250B}.Release|x64.Build.0 = Release|Any CPU
		{C6BCC982-D87F-4184-AA1B-13828571250B}.Release|x86.ActiveCfg = Release|Any CPU
		{C6BCC982-D87F-4184-AA1B-13828571250B}.Release|x86.Build.0 = Release|Any CPU
		{EC65A9DB-1DA2-4000-8132-2BCDFFC6C04D}.Debug|Any CPU.ActiveCfg = Debug|Any CPU
		{EC65A9DB-1DA2-4000-8132-2BCDFFC6C04D}.Debug|Any CPU.Build.0 = Debug|Any CPU
		{EC65A9DB-1DA2-4000-8132-2BCDFFC6C04D}.Debug|x64.ActiveCfg = Debug|Any CPU
		{EC65A9DB-1DA2-4000-8132-2BCDFFC6C04D}.Debug|x64.Build.0 = Debug|Any CPU
		{EC65A9DB-1DA2-4000-8132-2BCDFFC6C04D}.Debug|x86.ActiveCfg = Debug|Any CPU
		{EC65A9DB-1DA2-4000-8132-2BCDFFC6C04D}.Debug|x86.Build.0 = Debug|Any CPU
		{EC65A9DB-1DA2-4000-8132-2BCDFFC6C04D}.Release|Any CPU.ActiveCfg = Release|Any CPU
		{EC65A9DB-1DA2-4000-8132-2BCDFFC6C04D}.Release|Any CPU.Build.0 = Release|Any CPU
		{EC65A9DB-1DA2-4000-8132-2BCDFFC6C04D}.Release|x64.ActiveCfg = Release|Any CPU
		{EC65A9DB-1DA2-4000-8132-2BCDFFC6C04D}.Release|x64.Build.0 = Release|Any CPU
		{EC65A9DB-1DA2-4000-8132-2BCDFFC6C04D}.Release|x86.ActiveCfg = Release|Any CPU
		{EC65A9DB-1DA2-4000-8132-2BCDFFC6C04D}.Release|x86.Build.0 = Release|Any CPU
		{6DE6A578-D7EF-4DE1-A35B-4B76A2FE650F}.Debug|Any CPU.ActiveCfg = Debug|Any CPU
		{6DE6A578-D7EF-4DE1-A35B-4B76A2FE650F}.Debug|Any CPU.Build.0 = Debug|Any CPU
		{6DE6A578-D7EF-4DE1-A35B-4B76A2FE650F}.Debug|x64.ActiveCfg = Debug|Any CPU
		{6DE6A578-D7EF-4DE1-A35B-4B76A2FE650F}.Debug|x64.Build.0 = Debug|Any CPU
		{6DE6A578-D7EF-4DE1-A35B-4B76A2FE650F}.Debug|x86.ActiveCfg = Debug|Any CPU
		{6DE6A578-D7EF-4DE1-A35B-4B76A2FE650F}.Debug|x86.Build.0 = Debug|Any CPU
		{6DE6A578-D7EF-4DE1-A35B-4B76A2FE650F}.Release|Any CPU.ActiveCfg = Release|Any CPU
		{6DE6A578-D7EF-4DE1-A35B-4B76A2FE650F}.Release|Any CPU.Build.0 = Release|Any CPU
		{6DE6A578-D7EF-4DE1-A35B-4B76A2FE650F}.Release|x64.ActiveCfg = Release|Any CPU
		{6DE6A578-D7EF-4DE1-A35B-4B76A2FE650F}.Release|x64.Build.0 = Release|Any CPU
		{6DE6A578-D7EF-4DE1-A35B-4B76A2FE650F}.Release|x86.ActiveCfg = Release|Any CPU
		{6DE6A578-D7EF-4DE1-A35B-4B76A2FE650F}.Release|x86.Build.0 = Release|Any CPU
		{FD4F9535-9F24-4122-8B5B-374E218835F5}.Debug|Any CPU.ActiveCfg = Debug|Any CPU
		{FD4F9535-9F24-4122-8B5B-374E218835F5}.Debug|Any CPU.Build.0 = Debug|Any CPU
		{FD4F9535-9F24-4122-8B5B-374E218835F5}.Debug|x64.ActiveCfg = Debug|Any CPU
		{FD4F9535-9F24-4122-8B5B-374E218835F5}.Debug|x64.Build.0 = Debug|Any CPU
		{FD4F9535-9F24-4122-8B5B-374E218835F5}.Debug|x86.ActiveCfg = Debug|Any CPU
		{FD4F9535-9F24-4122-8B5B-374E218835F5}.Debug|x86.Build.0 = Debug|Any CPU
		{FD4F9535-9F24-4122-8B5B-374E218835F5}.Release|Any CPU.ActiveCfg = Release|Any CPU
		{FD4F9535-9F24-4122-8B5B-374E218835F5}.Release|Any CPU.Build.0 = Release|Any CPU
		{FD4F9535-9F24-4122-8B5B-374E218835F5}.Release|x64.ActiveCfg = Release|Any CPU
		{FD4F9535-9F24-4122-8B5B-374E218835F5}.Release|x64.Build.0 = Release|Any CPU
		{FD4F9535-9F24-4122-8B5B-374E218835F5}.Release|x86.ActiveCfg = Release|Any CPU
		{FD4F9535-9F24-4122-8B5B-374E218835F5}.Release|x86.Build.0 = Release|Any CPU
		{B42FF864-E7B9-4BD0-BDEA-11249E8B55D3}.Debug|Any CPU.ActiveCfg = Debug|Any CPU
		{B42FF864-E7B9-4BD0-BDEA-11249E8B55D3}.Debug|Any CPU.Build.0 = Debug|Any CPU
		{B42FF864-E7B9-4BD0-BDEA-11249E8B55D3}.Debug|x64.ActiveCfg = Debug|Any CPU
		{B42FF864-E7B9-4BD0-BDEA-11249E8B55D3}.Debug|x64.Build.0 = Debug|Any CPU
		{B42FF864-E7B9-4BD0-BDEA-11249E8B55D3}.Debug|x86.ActiveCfg = Debug|Any CPU
		{B42FF864-E7B9-4BD0-BDEA-11249E8B55D3}.Debug|x86.Build.0 = Debug|Any CPU
		{B42FF864-E7B9-4BD0-BDEA-11249E8B55D3}.Release|Any CPU.ActiveCfg = Release|Any CPU
		{B42FF864-E7B9-4BD0-BDEA-11249E8B55D3}.Release|Any CPU.Build.0 = Release|Any CPU
		{B42FF864-E7B9-4BD0-BDEA-11249E8B55D3}.Release|x64.ActiveCfg = Release|Any CPU
		{B42FF864-E7B9-4BD0-BDEA-11249E8B55D3}.Release|x64.Build.0 = Release|Any CPU
		{B42FF864-E7B9-4BD0-BDEA-11249E8B55D3}.Release|x86.ActiveCfg = Release|Any CPU
		{B42FF864-E7B9-4BD0-BDEA-11249E8B55D3}.Release|x86.Build.0 = Release|Any CPU
		{B387FD8B-80E7-4BE6-B6BC-595947C0ADDC}.Debug|Any CPU.ActiveCfg = Debug|Any CPU
		{B387FD8B-80E7-4BE6-B6BC-595947C0ADDC}.Debug|Any CPU.Build.0 = Debug|Any CPU
		{B387FD8B-80E7-4BE6-B6BC-595947C0ADDC}.Debug|x64.ActiveCfg = Debug|Any CPU
		{B387FD8B-80E7-4BE6-B6BC-595947C0ADDC}.Debug|x64.Build.0 = Debug|Any CPU
		{B387FD8B-80E7-4BE6-B6BC-595947C0ADDC}.Debug|x86.ActiveCfg = Debug|Any CPU
		{B387FD8B-80E7-4BE6-B6BC-595947C0ADDC}.Debug|x86.Build.0 = Debug|Any CPU
		{B387FD8B-80E7-4BE6-B6BC-595947C0ADDC}.Release|Any CPU.ActiveCfg = Release|Any CPU
		{B387FD8B-80E7-4BE6-B6BC-595947C0ADDC}.Release|Any CPU.Build.0 = Release|Any CPU
		{B387FD8B-80E7-4BE6-B6BC-595947C0ADDC}.Release|x64.ActiveCfg = Release|Any CPU
		{B387FD8B-80E7-4BE6-B6BC-595947C0ADDC}.Release|x64.Build.0 = Release|Any CPU
		{B387FD8B-80E7-4BE6-B6BC-595947C0ADDC}.Release|x86.ActiveCfg = Release|Any CPU
		{B387FD8B-80E7-4BE6-B6BC-595947C0ADDC}.Release|x86.Build.0 = Release|Any CPU
	EndGlobalSection
	GlobalSection(SolutionProperties) = preSolution
		HideSolutionNode = FALSE
	EndGlobalSection
	GlobalSection(NestedProjects) = preSolution
		{3037691D-9746-444E-BD28-4B5BF203EBBC} = {02EA681E-C7D8-13C7-8484-4AC65E1B71E8}
		{CDBF6725-5D3D-4AE5-9ED4-62B06E7F9D17} = {02EA681E-C7D8-13C7-8484-4AC65E1B71E8}
		{F720FB4D-B558-4AD6-87E4-864FC65D878D} = {02EA681E-C7D8-13C7-8484-4AC65E1B71E8}
		{8B5B5AEE-D10A-4086-9149-BEAF14B30844} = {02EA681E-C7D8-13C7-8484-4AC65E1B71E8}
		{02EA681E-C7D8-13C7-8484-4AC65E1B71E8} = {8248113B-1EF5-4A7E-BF8A-5216F65E0876}
		{8248113B-1EF5-4A7E-BF8A-5216F65E0876} = {1AE8ACA6-933B-BF2A-3671-3E2EAC007D16}
		{FE53C074-1A4D-4071-852F-18029C0A9527} = {8248113B-1EF5-4A7E-BF8A-5216F65E0876}
		{EDE7198B-6CF1-43BE-AEB4-AE750EDB33CF} = {FE53C074-1A4D-4071-852F-18029C0A9527}
		{707BF72B-893C-4C33-B294-4EF4DB6F79B3} = {FE53C074-1A4D-4071-852F-18029C0A9527}
		{8EC566F5-1BC7-4F09-B025-90C9BC7B1FBB} = {FE53C074-1A4D-4071-852F-18029C0A9527}
		{C6BCC982-D87F-4184-AA1B-13828571250B} = {FE53C074-1A4D-4071-852F-18029C0A9527}
		{AF3DC984-AFE7-47D4-AF65-F02857E4877D} = {8248113B-1EF5-4A7E-BF8A-5216F65E0876}
		{EC65A9DB-1DA2-4000-8132-2BCDFFC6C04D} = {AF3DC984-AFE7-47D4-AF65-F02857E4877D}
		{6DE6A578-D7EF-4DE1-A35B-4B76A2FE650F} = {AF3DC984-AFE7-47D4-AF65-F02857E4877D}
		{FD4F9535-9F24-4122-8B5B-374E218835F5} = {AF3DC984-AFE7-47D4-AF65-F02857E4877D}
		{B42FF864-E7B9-4BD0-BDEA-11249E8B55D3} = {AF3DC984-AFE7-47D4-AF65-F02857E4877D}
		{89A94AF6-7886-4CA2-8124-B07FD326DAC6} = {1AE8ACA6-933B-BF2A-3671-3E2EAC007D16}
		{B387FD8B-80E7-4BE6-B6BC-595947C0ADDC} = {89A94AF6-7886-4CA2-8124-B07FD326DAC6}
	EndGlobalSection
	GlobalSection(ExtensibilityGlobals) = postSolution
		SolutionGuid = {97D3123E-57D2-4F2D-BB2B-BB0F44282B07}
	EndGlobalSection
EndGlobal
