Microsoft Visual Studio Solution File, Format Version 12.00
# Visual Studio Version 17
VisualStudioVersion = 17.5.2.0
MinimumVisualStudioVersion = 10.0.40219.1
Project("{2150E333-8FDC-42A3-9474-1A3956D46DE8}") = "backend", "backend", "{1AE8ACA6-933B-BF2A-3671-3E2EAC007D16}"
EndProject
Project("{2150E333-8FDC-42A3-9474-1A3956D46DE8}") = "src", "src", "{0F9113EE-888A-26D2-68B0-4A7D0A2A8745}"
EndProject
Project("{2150E333-8FDC-42A3-9474-1A3956D46DE8}") = "BuildingBlocks", "BuildingBlocks", "{3518C6FE-7C6C-C575-CC03-E8DAA010DCAF}"
EndProject
Project("{FAE04EC0-301F-11D3-BF4B-00C04F79EFBC}") = "S2O.Shared.Infra", "backend\src\BuildingBlocks\S2O.Shared.Infra\S2O.Shared.Infra.csproj", "{6339ECE9-08BD-CB1E-9856-3AF6B4365F44}"
EndProject
Project("{FAE04EC0-301F-11D3-BF4B-00C04F79EFBC}") = "S2O.Shared.Kernel", "backend\src\BuildingBlocks\S2O.Shared.Kernel\S2O.Shared.Kernel.csproj", "{C874E7DF-28A3-BCE4-0493-E90C5AFC7CBE}"
EndProject
Project("{2150E333-8FDC-42A3-9474-1A3956D46DE8}") = "Gateways", "Gateways", "{ED3401E1-2BFA-962A-04BC-3021C03F12BD}"
EndProject
Project("{FAE04EC0-301F-11D3-BF4B-00C04F79EFBC}") = "S2O.Gateway", "backend\src\Gateways\S2O.Gateway\S2O.Gateway.csproj", "{5364C289-6F90-4671-7C8E-7361BCDB9953}"
EndProject
Project("{2150E333-8FDC-42A3-9474-1A3956D46DE8}") = "Services", "Services", "{116B0F92-DA76-B1CE-9A75-4D58AC720EB3}"
EndProject
Project("{2150E333-8FDC-42A3-9474-1A3956D46DE8}") = "Booking", "Booking", "{C8283475-D548-AB1B-0379-AAF7933BF1D7}"
EndProject
Project("{FAE04EC0-301F-11D3-BF4B-00C04F79EFBC}") = "S2O.Booking.Api", "backend\src\Services\Booking\S2O.Booking.Api\S2O.Booking.Api.csproj", "{69891B9F-2898-054A-F7AD-FEC2CD3AA4E5}"
EndProject
Project("{FAE04EC0-301F-11D3-BF4B-00C04F79EFBC}") = "S2O.Booking.App", "backend\src\Services\Booking\S2O.Booking.App\S2O.Booking.App.csproj", "{107F20B9-729D-A469-5DFB-DCE4D26F402B}"
EndProject
Project("{FAE04EC0-301F-11D3-BF4B-00C04F79EFBC}") = "S2O.Booking.Domain", "backend\src\Services\Booking\S2O.Booking.Domain\S2O.Booking.Domain.csproj", "{ACADD74F-BDE7-6C36-57FA-D7E77F377FCE}"
EndProject
Project("{FAE04EC0-301F-11D3-BF4B-00C04F79EFBC}") = "S2O.Booking.Infra", "backend\src\Services\Booking\S2O.Booking.Infra\S2O.Booking.Infra.csproj", "{E92CC6C1-3485-C008-F590-F2F829CA6460}"
EndProject
Project("{2150E333-8FDC-42A3-9474-1A3956D46DE8}") = "Catalog", "Catalog", "{01BE077D-912D-ABDE-67A9-8E0BCB57FD65}"
EndProject
Project("{FAE04EC0-301F-11D3-BF4B-00C04F79EFBC}") = "S2O.Catalog.Api", "backend\src\Services\Catalog\S2O.Catalog.Api\S2O.Catalog.Api.csproj", "{0B4DE559-F746-17B0-776C-1B777737A326}"
EndProject
Project("{FAE04EC0-301F-11D3-BF4B-00C04F79EFBC}") = "S2O.Catalog.App", "backend\src\Services\Catalog\S2O.Catalog.App\S2O.Catalog.App.csproj", "{0C5CEE1C-27FD-F5DA-8900-B2419CA3ED9E}"
EndProject
Project("{FAE04EC0-301F-11D3-BF4B-00C04F79EFBC}") = "S2O.Catalog.Domain", "backend\src\Services\Catalog\S2O.Catalog.Domain\S2O.Catalog.Domain.csproj", "{6CB2E538-6321-DF31-DAF2-73B618E808BA}"
EndProject
Project("{FAE04EC0-301F-11D3-BF4B-00C04F79EFBC}") = "S2O.Catalog.Infra", "backend\src\Services\Catalog\S2O.Catalog.Infra\S2O.Catalog.Infra.csproj", "{FA32FDDA-B769-E7C4-B67E-670248D67239}"
EndProject
Project("{2150E333-8FDC-42A3-9474-1A3956D46DE8}") = "Identity", "Identity", "{A08010CD-F96C-0651-09A1-8A960D12CCF1}"
EndProject
Project("{FAE04EC0-301F-11D3-BF4B-00C04F79EFBC}") = "S2O.Identity.Api", "backend\src\Services\Identity\S2O.Identity.Api\S2O.Identity.Api.csproj", "{724F0241-DF1C-7CF8-37F0-D21C71111C88}"
EndProject
Project("{FAE04EC0-301F-11D3-BF4B-00C04F79EFBC}") = "S2O.Identity.App", "backend\src\Services\Identity\S2O.Identity.App\S2O.Identity.App.csproj", "{6D3C0804-5E00-6D79-FA44-5B36CD21FFBE}"
EndProject
Project("{FAE04EC0-301F-11D3-BF4B-00C04F79EFBC}") = "S2O.Identity.Domain", "backend\src\Services\Identity\S2O.Identity.Domain\S2O.Identity.Domain.csproj", "{C893F960-A880-9674-94E9-81978E0311D0}"
EndProject
Project("{FAE04EC0-301F-11D3-BF4B-00C04F79EFBC}") = "S2O.Identity.Infra", "backend\src\Services\Identity\S2O.Identity.Infra\S2O.Identity.Infra.csproj", "{5F706EE8-B092-F674-8E0E-2FD59556897B}"
EndProject
Project("{2150E333-8FDC-42A3-9474-1A3956D46DE8}") = "Order", "Order", "{C93C7158-0792-19A0-9E09-BE788F30B848}"
EndProject
Project("{FAE04EC0-301F-11D3-BF4B-00C04F79EFBC}") = "S2O.Order.Api", "backend\src\Services\Order\S2O.Order.Api\S2O.Order.Api.csproj", "{61A4967E-B210-2CAD-B655-8D57E85D1E25}"
EndProject
Project("{FAE04EC0-301F-11D3-BF4B-00C04F79EFBC}") = "S2O.Order.App", "backend\src\Services\Order\S2O.Order.App\S2O.Order.App.csproj", "{DD97FB8F-3CA9-A9DF-0EE7-653B337D971F}"
EndProject
Project("{FAE04EC0-301F-11D3-BF4B-00C04F79EFBC}") = "S2O.Order.Domain", "backend\src\Services\Order\S2O.Order.Domain\S2O.Order.Domain.csproj", "{167D3840-FA61-39B9-F0C3-61EC813A97C7}"
EndProject
Project("{FAE04EC0-301F-11D3-BF4B-00C04F79EFBC}") = "S2O.Order.Infra", "backend\src\Services\Order\S2O.Order.Infra\S2O.Order.Infra.csproj", "{247165DE-63AB-6F71-1DF5-12111FFF5C5E}"
EndProject
Project("{2150E333-8FDC-42A3-9474-1A3956D46DE8}") = "Payment", "Payment", "{40A8F155-9E7A-708A-320A-BBD2F8947813}"
EndProject
Project("{FAE04EC0-301F-11D3-BF4B-00C04F79EFBC}") = "S2O.Payment.Api", "backend\src\Services\Payment\S2O.Payment.Api\S2O.Payment.Api.csproj", "{A5CB8215-5BFE-F1BB-BE5A-B5EE6A600F07}"
EndProject
Project("{FAE04EC0-301F-11D3-BF4B-00C04F79EFBC}") = "S2O.Payment.App", "backend\src\Services\Payment\S2O.Payment.App\S2O.Payment.App.csproj", "{6104B444-1B17-EF2C-9951-870F893242E2}"
EndProject
Project("{FAE04EC0-301F-11D3-BF4B-00C04F79EFBC}") = "S2O.Payment.Domain", "backend\src\Services\Payment\S2O.Payment.Domain\S2O.Payment.Domain.csproj", "{07700883-54B7-6B0F-FB7D-3A5675651926}"
EndProject
Project("{FAE04EC0-301F-11D3-BF4B-00C04F79EFBC}") = "S2O.Payment.Infra", "backend\src\Services\Payment\S2O.Payment.Infra\S2O.Payment.Infra.csproj", "{53F935C9-7773-086A-0FAB-B422F81027BB}"
EndProject
Project("{2150E333-8FDC-42A3-9474-1A3956D46DE8}") = "Tenant", "Tenant", "{97B6C24D-B234-9BF0-8653-46D5D0BC8B53}"
EndProject
Project("{FAE04EC0-301F-11D3-BF4B-00C04F79EFBC}") = "S2O.Tenant.Api", "backend\src\Services\Tenant\S2O.Tenant.Api\S2O.Tenant.Api.csproj", "{6033A58E-3C90-80A1-4C24-22DA5412B508}"
EndProject
Project("{FAE04EC0-301F-11D3-BF4B-00C04F79EFBC}") = "S2O.Tenant.App", "backend\src\Services\Tenant\S2O.Tenant.App\S2O.Tenant.App.csproj", "{E1F0DDB1-07F1-0C37-AB67-BF9ADD9035E0}"
EndProject
Project("{FAE04EC0-301F-11D3-BF4B-00C04F79EFBC}") = "S2O.Tenant.Domain", "backend\src\Services\Tenant\S2O.Tenant.Domain\S2O.Tenant.Domain.csproj", "{E57EC0DB-B0FC-FF44-A7E6-3ACCDE1CEDF8}"
EndProject
Project("{FAE04EC0-301F-11D3-BF4B-00C04F79EFBC}") = "S2O.Tenant.Infra", "backend\src\Services\Tenant\S2O.Tenant.Infra\S2O.Tenant.Infra.csproj", "{3FBE54E3-6804-23B6-38A2-E16F8114455C}"
EndProject
Global
	GlobalSection(SolutionConfigurationPlatforms) = preSolution
		Debug|Any CPU = Debug|Any CPU
		Release|Any CPU = Release|Any CPU
	EndGlobalSection
	GlobalSection(ProjectConfigurationPlatforms) = postSolution
		{6339ECE9-08BD-CB1E-9856-3AF6B4365F44}.Debug|Any CPU.ActiveCfg = Debug|Any CPU
		{6339ECE9-08BD-CB1E-9856-3AF6B4365F44}.Debug|Any CPU.Build.0 = Debug|Any CPU
		{6339ECE9-08BD-CB1E-9856-3AF6B4365F44}.Release|Any CPU.ActiveCfg = Release|Any CPU
		{6339ECE9-08BD-CB1E-9856-3AF6B4365F44}.Release|Any CPU.Build.0 = Release|Any CPU
		{C874E7DF-28A3-BCE4-0493-E90C5AFC7CBE}.Debug|Any CPU.ActiveCfg = Debug|Any CPU
		{C874E7DF-28A3-BCE4-0493-E90C5AFC7CBE}.Debug|Any CPU.Build.0 = Debug|Any CPU
		{C874E7DF-28A3-BCE4-0493-E90C5AFC7CBE}.Release|Any CPU.ActiveCfg = Release|Any CPU
		{C874E7DF-28A3-BCE4-0493-E90C5AFC7CBE}.Release|Any CPU.Build.0 = Release|Any CPU
		{5364C289-6F90-4671-7C8E-7361BCDB9953}.Debug|Any CPU.ActiveCfg = Debug|Any CPU
		{5364C289-6F90-4671-7C8E-7361BCDB9953}.Debug|Any CPU.Build.0 = Debug|Any CPU
		{5364C289-6F90-4671-7C8E-7361BCDB9953}.Release|Any CPU.ActiveCfg = Release|Any CPU
		{5364C289-6F90-4671-7C8E-7361BCDB9953}.Release|Any CPU.Build.0 = Release|Any CPU
		{69891B9F-2898-054A-F7AD-FEC2CD3AA4E5}.Debug|Any CPU.ActiveCfg = Debug|Any CPU
		{69891B9F-2898-054A-F7AD-FEC2CD3AA4E5}.Debug|Any CPU.Build.0 = Debug|Any CPU
		{69891B9F-2898-054A-F7AD-FEC2CD3AA4E5}.Release|Any CPU.ActiveCfg = Release|Any CPU
		{69891B9F-2898-054A-F7AD-FEC2CD3AA4E5}.Release|Any CPU.Build.0 = Release|Any CPU
		{107F20B9-729D-A469-5DFB-DCE4D26F402B}.Debug|Any CPU.ActiveCfg = Debug|Any CPU
		{107F20B9-729D-A469-5DFB-DCE4D26F402B}.Debug|Any CPU.Build.0 = Debug|Any CPU
		{107F20B9-729D-A469-5DFB-DCE4D26F402B}.Release|Any CPU.ActiveCfg = Release|Any CPU
		{107F20B9-729D-A469-5DFB-DCE4D26F402B}.Release|Any CPU.Build.0 = Release|Any CPU
		{ACADD74F-BDE7-6C36-57FA-D7E77F377FCE}.Debug|Any CPU.ActiveCfg = Debug|Any CPU
		{ACADD74F-BDE7-6C36-57FA-D7E77F377FCE}.Debug|Any CPU.Build.0 = Debug|Any CPU
		{ACADD74F-BDE7-6C36-57FA-D7E77F377FCE}.Release|Any CPU.ActiveCfg = Release|Any CPU
		{ACADD74F-BDE7-6C36-57FA-D7E77F377FCE}.Release|Any CPU.Build.0 = Release|Any CPU
		{E92CC6C1-3485-C008-F590-F2F829CA6460}.Debug|Any CPU.ActiveCfg = Debug|Any CPU
		{E92CC6C1-3485-C008-F590-F2F829CA6460}.Debug|Any CPU.Build.0 = Debug|Any CPU
		{E92CC6C1-3485-C008-F590-F2F829CA6460}.Release|Any CPU.ActiveCfg = Release|Any CPU
		{E92CC6C1-3485-C008-F590-F2F829CA6460}.Release|Any CPU.Build.0 = Release|Any CPU
		{0B4DE559-F746-17B0-776C-1B777737A326}.Debug|Any CPU.ActiveCfg = Debug|Any CPU
		{0B4DE559-F746-17B0-776C-1B777737A326}.Debug|Any CPU.Build.0 = Debug|Any CPU
		{0B4DE559-F746-17B0-776C-1B777737A326}.Release|Any CPU.ActiveCfg = Release|Any CPU
		{0B4DE559-F746-17B0-776C-1B777737A326}.Release|Any CPU.Build.0 = Release|Any CPU
		{0C5CEE1C-27FD-F5DA-8900-B2419CA3ED9E}.Debug|Any CPU.ActiveCfg = Debug|Any CPU
		{0C5CEE1C-27FD-F5DA-8900-B2419CA3ED9E}.Debug|Any CPU.Build.0 = Debug|Any CPU
		{0C5CEE1C-27FD-F5DA-8900-B2419CA3ED9E}.Release|Any CPU.ActiveCfg = Release|Any CPU
		{0C5CEE1C-27FD-F5DA-8900-B2419CA3ED9E}.Release|Any CPU.Build.0 = Release|Any CPU
		{6CB2E538-6321-DF31-DAF2-73B618E808BA}.Debug|Any CPU.ActiveCfg = Debug|Any CPU
		{6CB2E538-6321-DF31-DAF2-73B618E808BA}.Debug|Any CPU.Build.0 = Debug|Any CPU
		{6CB2E538-6321-DF31-DAF2-73B618E808BA}.Release|Any CPU.ActiveCfg = Release|Any CPU
		{6CB2E538-6321-DF31-DAF2-73B618E808BA}.Release|Any CPU.Build.0 = Release|Any CPU
		{FA32FDDA-B769-E7C4-B67E-670248D67239}.Debug|Any CPU.ActiveCfg = Debug|Any CPU
		{FA32FDDA-B769-E7C4-B67E-670248D67239}.Debug|Any CPU.Build.0 = Debug|Any CPU
		{FA32FDDA-B769-E7C4-B67E-670248D67239}.Release|Any CPU.ActiveCfg = Release|Any CPU
		{FA32FDDA-B769-E7C4-B67E-670248D67239}.Release|Any CPU.Build.0 = Release|Any CPU
		{724F0241-DF1C-7CF8-37F0-D21C71111C88}.Debug|Any CPU.ActiveCfg = Debug|Any CPU
		{724F0241-DF1C-7CF8-37F0-D21C71111C88}.Debug|Any CPU.Build.0 = Debug|Any CPU
		{724F0241-DF1C-7CF8-37F0-D21C71111C88}.Release|Any CPU.ActiveCfg = Release|Any CPU
		{724F0241-DF1C-7CF8-37F0-D21C71111C88}.Release|Any CPU.Build.0 = Release|Any CPU
		{6D3C0804-5E00-6D79-FA44-5B36CD21FFBE}.Debug|Any CPU.ActiveCfg = Debug|Any CPU
		{6D3C0804-5E00-6D79-FA44-5B36CD21FFBE}.Debug|Any CPU.Build.0 = Debug|Any CPU
		{6D3C0804-5E00-6D79-FA44-5B36CD21FFBE}.Release|Any CPU.ActiveCfg = Release|Any CPU
		{6D3C0804-5E00-6D79-FA44-5B36CD21FFBE}.Release|Any CPU.Build.0 = Release|Any CPU
		{C893F960-A880-9674-94E9-81978E0311D0}.Debug|Any CPU.ActiveCfg = Debug|Any CPU
		{C893F960-A880-9674-94E9-81978E0311D0}.Debug|Any CPU.Build.0 = Debug|Any CPU
		{C893F960-A880-9674-94E9-81978E0311D0}.Release|Any CPU.ActiveCfg = Release|Any CPU
		{C893F960-A880-9674-94E9-81978E0311D0}.Release|Any CPU.Build.0 = Release|Any CPU
		{5F706EE8-B092-F674-8E0E-2FD59556897B}.Debug|Any CPU.ActiveCfg = Debug|Any CPU
		{5F706EE8-B092-F674-8E0E-2FD59556897B}.Debug|Any CPU.Build.0 = Debug|Any CPU
		{5F706EE8-B092-F674-8E0E-2FD59556897B}.Release|Any CPU.ActiveCfg = Release|Any CPU
		{5F706EE8-B092-F674-8E0E-2FD59556897B}.Release|Any CPU.Build.0 = Release|Any CPU
		{61A4967E-B210-2CAD-B655-8D57E85D1E25}.Debug|Any CPU.ActiveCfg = Debug|Any CPU
		{61A4967E-B210-2CAD-B655-8D57E85D1E25}.Debug|Any CPU.Build.0 = Debug|Any CPU
		{61A4967E-B210-2CAD-B655-8D57E85D1E25}.Release|Any CPU.ActiveCfg = Release|Any CPU
		{61A4967E-B210-2CAD-B655-8D57E85D1E25}.Release|Any CPU.Build.0 = Release|Any CPU
		{DD97FB8F-3CA9-A9DF-0EE7-653B337D971F}.Debug|Any CPU.ActiveCfg = Debug|Any CPU
		{DD97FB8F-3CA9-A9DF-0EE7-653B337D971F}.Debug|Any CPU.Build.0 = Debug|Any CPU
		{DD97FB8F-3CA9-A9DF-0EE7-653B337D971F}.Release|Any CPU.ActiveCfg = Release|Any CPU
		{DD97FB8F-3CA9-A9DF-0EE7-653B337D971F}.Release|Any CPU.Build.0 = Release|Any CPU
		{167D3840-FA61-39B9-F0C3-61EC813A97C7}.Debug|Any CPU.ActiveCfg = Debug|Any CPU
		{167D3840-FA61-39B9-F0C3-61EC813A97C7}.Debug|Any CPU.Build.0 = Debug|Any CPU
		{167D3840-FA61-39B9-F0C3-61EC813A97C7}.Release|Any CPU.ActiveCfg = Release|Any CPU
		{167D3840-FA61-39B9-F0C3-61EC813A97C7}.Release|Any CPU.Build.0 = Release|Any CPU
		{247165DE-63AB-6F71-1DF5-12111FFF5C5E}.Debug|Any CPU.ActiveCfg = Debug|Any CPU
		{247165DE-63AB-6F71-1DF5-12111FFF5C5E}.Debug|Any CPU.Build.0 = Debug|Any CPU
		{247165DE-63AB-6F71-1DF5-12111FFF5C5E}.Release|Any CPU.ActiveCfg = Release|Any CPU
		{247165DE-63AB-6F71-1DF5-12111FFF5C5E}.Release|Any CPU.Build.0 = Release|Any CPU
		{A5CB8215-5BFE-F1BB-BE5A-B5EE6A600F07}.Debug|Any CPU.ActiveCfg = Debug|Any CPU
		{A5CB8215-5BFE-F1BB-BE5A-B5EE6A600F07}.Debug|Any CPU.Build.0 = Debug|Any CPU
		{A5CB8215-5BFE-F1BB-BE5A-B5EE6A600F07}.Release|Any CPU.ActiveCfg = Release|Any CPU
		{A5CB8215-5BFE-F1BB-BE5A-B5EE6A600F07}.Release|Any CPU.Build.0 = Release|Any CPU
		{6104B444-1B17-EF2C-9951-870F893242E2}.Debug|Any CPU.ActiveCfg = Debug|Any CPU
		{6104B444-1B17-EF2C-9951-870F893242E2}.Debug|Any CPU.Build.0 = Debug|Any CPU
		{6104B444-1B17-EF2C-9951-870F893242E2}.Release|Any CPU.ActiveCfg = Release|Any CPU
		{6104B444-1B17-EF2C-9951-870F893242E2}.Release|Any CPU.Build.0 = Release|Any CPU
		{07700883-54B7-6B0F-FB7D-3A5675651926}.Debug|Any CPU.ActiveCfg = Debug|Any CPU
		{07700883-54B7-6B0F-FB7D-3A5675651926}.Debug|Any CPU.Build.0 = Debug|Any CPU
		{07700883-54B7-6B0F-FB7D-3A5675651926}.Release|Any CPU.ActiveCfg = Release|Any CPU
		{07700883-54B7-6B0F-FB7D-3A5675651926}.Release|Any CPU.Build.0 = Release|Any CPU
		{53F935C9-7773-086A-0FAB-B422F81027BB}.Debug|Any CPU.ActiveCfg = Debug|Any CPU
		{53F935C9-7773-086A-0FAB-B422F81027BB}.Debug|Any CPU.Build.0 = Debug|Any CPU
		{53F935C9-7773-086A-0FAB-B422F81027BB}.Release|Any CPU.ActiveCfg = Release|Any CPU
		{53F935C9-7773-086A-0FAB-B422F81027BB}.Release|Any CPU.Build.0 = Release|Any CPU
		{6033A58E-3C90-80A1-4C24-22DA5412B508}.Debug|Any CPU.ActiveCfg = Debug|Any CPU
		{6033A58E-3C90-80A1-4C24-22DA5412B508}.Debug|Any CPU.Build.0 = Debug|Any CPU
		{6033A58E-3C90-80A1-4C24-22DA5412B508}.Release|Any CPU.ActiveCfg = Release|Any CPU
		{6033A58E-3C90-80A1-4C24-22DA5412B508}.Release|Any CPU.Build.0 = Release|Any CPU
		{E1F0DDB1-07F1-0C37-AB67-BF9ADD9035E0}.Debug|Any CPU.ActiveCfg = Debug|Any CPU
		{E1F0DDB1-07F1-0C37-AB67-BF9ADD9035E0}.Debug|Any CPU.Build.0 = Debug|Any CPU
		{E1F0DDB1-07F1-0C37-AB67-BF9ADD9035E0}.Release|Any CPU.ActiveCfg = Release|Any CPU
		{E1F0DDB1-07F1-0C37-AB67-BF9ADD9035E0}.Release|Any CPU.Build.0 = Release|Any CPU
		{E57EC0DB-B0FC-FF44-A7E6-3ACCDE1CEDF8}.Debug|Any CPU.ActiveCfg = Debug|Any CPU
		{E57EC0DB-B0FC-FF44-A7E6-3ACCDE1CEDF8}.Debug|Any CPU.Build.0 = Debug|Any CPU
		{E57EC0DB-B0FC-FF44-A7E6-3ACCDE1CEDF8}.Release|Any CPU.ActiveCfg = Release|Any CPU
		{E57EC0DB-B0FC-FF44-A7E6-3ACCDE1CEDF8}.Release|Any CPU.Build.0 = Release|Any CPU
		{3FBE54E3-6804-23B6-38A2-E16F8114455C}.Debug|Any CPU.ActiveCfg = Debug|Any CPU
		{3FBE54E3-6804-23B6-38A2-E16F8114455C}.Debug|Any CPU.Build.0 = Debug|Any CPU
		{3FBE54E3-6804-23B6-38A2-E16F8114455C}.Release|Any CPU.ActiveCfg = Release|Any CPU
		{3FBE54E3-6804-23B6-38A2-E16F8114455C}.Release|Any CPU.Build.0 = Release|Any CPU
	EndGlobalSection
	GlobalSection(SolutionProperties) = preSolution
		HideSolutionNode = FALSE
	EndGlobalSection
	GlobalSection(NestedProjects) = preSolution
		{0F9113EE-888A-26D2-68B0-4A7D0A2A8745} = {1AE8ACA6-933B-BF2A-3671-3E2EAC007D16}
		{3518C6FE-7C6C-C575-CC03-E8DAA010DCAF} = {0F9113EE-888A-26D2-68B0-4A7D0A2A8745}
		{6339ECE9-08BD-CB1E-9856-3AF6B4365F44} = {3518C6FE-7C6C-C575-CC03-E8DAA010DCAF}
		{C874E7DF-28A3-BCE4-0493-E90C5AFC7CBE} = {3518C6FE-7C6C-C575-CC03-E8DAA010DCAF}
		{ED3401E1-2BFA-962A-04BC-3021C03F12BD} = {0F9113EE-888A-26D2-68B0-4A7D0A2A8745}
		{5364C289-6F90-4671-7C8E-7361BCDB9953} = {ED3401E1-2BFA-962A-04BC-3021C03F12BD}
		{116B0F92-DA76-B1CE-9A75-4D58AC720EB3} = {0F9113EE-888A-26D2-68B0-4A7D0A2A8745}
		{C8283475-D548-AB1B-0379-AAF7933BF1D7} = {116B0F92-DA76-B1CE-9A75-4D58AC720EB3}
		{69891B9F-2898-054A-F7AD-FEC2CD3AA4E5} = {C8283475-D548-AB1B-0379-AAF7933BF1D7}
		{107F20B9-729D-A469-5DFB-DCE4D26F402B} = {C8283475-D548-AB1B-0379-AAF7933BF1D7}
		{ACADD74F-BDE7-6C36-57FA-D7E77F377FCE} = {C8283475-D548-AB1B-0379-AAF7933BF1D7}
		{E92CC6C1-3485-C008-F590-F2F829CA6460} = {C8283475-D548-AB1B-0379-AAF7933BF1D7}
		{01BE077D-912D-ABDE-67A9-8E0BCB57FD65} = {116B0F92-DA76-B1CE-9A75-4D58AC720EB3}
		{0B4DE559-F746-17B0-776C-1B777737A326} = {01BE077D-912D-ABDE-67A9-8E0BCB57FD65}
		{0C5CEE1C-27FD-F5DA-8900-B2419CA3ED9E} = {01BE077D-912D-ABDE-67A9-8E0BCB57FD65}
		{6CB2E538-6321-DF31-DAF2-73B618E808BA} = {01BE077D-912D-ABDE-67A9-8E0BCB57FD65}
		{FA32FDDA-B769-E7C4-B67E-670248D67239} = {01BE077D-912D-ABDE-67A9-8E0BCB57FD65}
		{A08010CD-F96C-0651-09A1-8A960D12CCF1} = {116B0F92-DA76-B1CE-9A75-4D58AC720EB3}
		{724F0241-DF1C-7CF8-37F0-D21C71111C88} = {A08010CD-F96C-0651-09A1-8A960D12CCF1}
		{6D3C0804-5E00-6D79-FA44-5B36CD21FFBE} = {A08010CD-F96C-0651-09A1-8A960D12CCF1}
		{C893F960-A880-9674-94E9-81978E0311D0} = {A08010CD-F96C-0651-09A1-8A960D12CCF1}
		{5F706EE8-B092-F674-8E0E-2FD59556897B} = {A08010CD-F96C-0651-09A1-8A960D12CCF1}
		{C93C7158-0792-19A0-9E09-BE788F30B848} = {116B0F92-DA76-B1CE-9A75-4D58AC720EB3}
		{61A4967E-B210-2CAD-B655-8D57E85D1E25} = {C93C7158-0792-19A0-9E09-BE788F30B848}
		{DD97FB8F-3CA9-A9DF-0EE7-653B337D971F} = {C93C7158-0792-19A0-9E09-BE788F30B848}
		{167D3840-FA61-39B9-F0C3-61EC813A97C7} = {C93C7158-0792-19A0-9E09-BE788F30B848}
		{247165DE-63AB-6F71-1DF5-12111FFF5C5E} = {C93C7158-0792-19A0-9E09-BE788F30B848}
		{40A8F155-9E7A-708A-320A-BBD2F8947813} = {116B0F92-DA76-B1CE-9A75-4D58AC720EB3}
		{A5CB8215-5BFE-F1BB-BE5A-B5EE6A600F07} = {40A8F155-9E7A-708A-320A-BBD2F8947813}
		{6104B444-1B17-EF2C-9951-870F893242E2} = {40A8F155-9E7A-708A-320A-BBD2F8947813}
		{07700883-54B7-6B0F-FB7D-3A5675651926} = {40A8F155-9E7A-708A-320A-BBD2F8947813}
		{53F935C9-7773-086A-0FAB-B422F81027BB} = {40A8F155-9E7A-708A-320A-BBD2F8947813}
		{97B6C24D-B234-9BF0-8653-46D5D0BC8B53} = {116B0F92-DA76-B1CE-9A75-4D58AC720EB3}
		{6033A58E-3C90-80A1-4C24-22DA5412B508} = {97B6C24D-B234-9BF0-8653-46D5D0BC8B53}
		{E1F0DDB1-07F1-0C37-AB67-BF9ADD9035E0} = {97B6C24D-B234-9BF0-8653-46D5D0BC8B53}
		{E57EC0DB-B0FC-FF44-A7E6-3ACCDE1CEDF8} = {97B6C24D-B234-9BF0-8653-46D5D0BC8B53}
		{3FBE54E3-6804-23B6-38A2-E16F8114455C} = {97B6C24D-B234-9BF0-8653-46D5D0BC8B53}
	EndGlobalSection
	GlobalSection(ExtensibilityGlobals) = postSolution
		SolutionGuid = {F605B34D-0CFF-4A60-BFD1-B480980EF79A}
	EndGlobalSection
EndGlobal
