
Microsoft Visual Studio Solution File, Format Version 12.00
# Visual Studio Version 17
VisualStudioVersion = 17.0.31903.59
MinimumVisualStudioVersion = 10.0.40219.1
Project("{2150E333-8FDC-42A3-9474-1A3956D46DE8}") = "src", "src", "{827E0CD3-B72D-47B6-A68D-7590B98EB39B}"
EndProject
Project("{2150E333-8FDC-42A3-9474-1A3956D46DE8}") = "Services", "Services", "{984BB9B3-3FA3-BE33-9484-CAC21695A33C}"
EndProject
Project("{2150E333-8FDC-42A3-9474-1A3956D46DE8}") = "BuildingBlocks", "BuildingBlocks", "{925AA968-7D0E-48E4-8DBD-20D683682AEB}"
EndProject
Project("{FAE04EC0-301F-11D3-BF4B-00C04F79EFBC}") = "S2O.Gateway", "src\Gateways\S2O.GateWay\S2O.Gateway.csproj", "{6DCC4766-8CA0-2D0D-4764-0AE651BC9732}"
EndProject
Project("{FAE04EC0-301F-11D3-BF4B-00C04F79EFBC}") = "S2O.Shared.Infra", "src\BuildingBlocks\S2O.Shared.Infra\S2O.Shared.Infra.csproj", "{119CAED8-74F5-BB4B-EA02-A96E208401D9}"
EndProject
Project("{FAE04EC0-301F-11D3-BF4B-00C04F79EFBC}") = "S2O.Shared.Kernel", "src\BuildingBlocks\S2O.Shared.Kernel\S2O.Shared.Kernel.csproj", "{13859F95-D2B1-5E23-1502-B3213F48BB32}"
EndProject
Project("{FAE04EC0-301F-11D3-BF4B-00C04F79EFBC}") = "S2O.Booking.Api", "src\Services\Booking\S2O.Booking.Api\S2O.Booking.Api.csproj", "{5D190675-AC51-4164-9760-ECADA97ED1F8}"
EndProject
Project("{FAE04EC0-301F-11D3-BF4B-00C04F79EFBC}") = "S2O.Booking.App", "src\Services\Booking\S2O.Booking.App\S2O.Booking.App.csproj", "{9D6A016C-DDEF-4FB9-84CD-EC75607819C7}"
EndProject
Project("{FAE04EC0-301F-11D3-BF4B-00C04F79EFBC}") = "S2O.Booking.Domain", "src\Services\Booking\S2O.Booking.Domain\S2O.Booking.Domain.csproj", "{36E98D27-14BE-46D1-8623-E8286DA6F202}"
EndProject
Project("{FAE04EC0-301F-11D3-BF4B-00C04F79EFBC}") = "S2O.Booking.Infra", "src\Services\Booking\S2O.Booking.Infra\S2O.Booking.Infra.csproj", "{14B48DD7-571D-4A8B-B473-0A2D33D3851B}"
EndProject
Project("{FAE04EC0-301F-11D3-BF4B-00C04F79EFBC}") = "S2O.Catalog.Api", "src\Services\Catalog\S2O.Catalog.Api\S2O.Catalog.Api.csproj", "{03B592F8-C74B-4ED5-BEFF-3108D30F69AD}"
EndProject
Project("{FAE04EC0-301F-11D3-BF4B-00C04F79EFBC}") = "S2O.Catalog.App", "src\Services\Catalog\S2O.Catalog.App\S2O.Catalog.App.csproj", "{D379E48F-3957-49F6-B2F6-B3785FA8C732}"
EndProject
Project("{FAE04EC0-301F-11D3-BF4B-00C04F79EFBC}") = "S2O.Catalog.Domain", "src\Services\Catalog\S2O.Catalog.Domain\S2O.Catalog.Domain.csproj", "{EE63C98C-521B-4F7E-93BA-A13060C69C15}"
EndProject
Project("{FAE04EC0-301F-11D3-BF4B-00C04F79EFBC}") = "S2O.Catalog.Infra", "src\Services\Catalog\S2O.Catalog.Infra\S2O.Catalog.Infra.csproj", "{D1CF0ED2-5AF4-4D4F-A686-D12D96F6A693}"
EndProject
Project("{FAE04EC0-301F-11D3-BF4B-00C04F79EFBC}") = "S2O.Identity.Api", "src\Services\Identity\S2O.Identity.Api\S2O.Identity.Api.csproj", "{E2FF0321-9AD3-4967-9CB1-DB8B390447F3}"
EndProject
Project("{FAE04EC0-301F-11D3-BF4B-00C04F79EFBC}") = "S2O.Identity.App", "src\Services\Identity\S2O.Identity.App\S2O.Identity.App.csproj", "{0EC823F8-E2C5-492F-B2DF-375B1A1A9323}"
EndProject
Project("{FAE04EC0-301F-11D3-BF4B-00C04F79EFBC}") = "S2O.Identity.Domain", "src\Services\Identity\S2O.Identity.Domain\S2O.Identity.Domain.csproj", "{9F803583-1D92-41BB-BC1F-7988FC928479}"
EndProject
Project("{FAE04EC0-301F-11D3-BF4B-00C04F79EFBC}") = "S2O.Identity.Infra", "src\Services\Identity\S2O.Identity.Infra\S2O.Identity.Infra.csproj", "{D86E352E-AFD9-4DD6-85AA-F72ED084934A}"
EndProject
Project("{FAE04EC0-301F-11D3-BF4B-00C04F79EFBC}") = "S2O.Order.Api", "src\Services\Order\S2O.Order.Api\S2O.Order.Api.csproj", "{BA7F3E3C-D2EB-4EB1-A012-4EA7E01DB6A2}"
EndProject
Project("{FAE04EC0-301F-11D3-BF4B-00C04F79EFBC}") = "S2O.Order.App", "src\Services\Order\S2O.Order.App\S2O.Order.App.csproj", "{472C8F0D-A3FE-4A5E-ABB4-E72B8AA46EE5}"
EndProject
Project("{FAE04EC0-301F-11D3-BF4B-00C04F79EFBC}") = "S2O.Order.Domain", "src\Services\Order\S2O.Order.Domain\S2O.Order.Domain.csproj", "{760E3F10-62C7-47B1-91CF-59860D8CD301}"
EndProject
Project("{FAE04EC0-301F-11D3-BF4B-00C04F79EFBC}") = "S2O.Order.Infra", "src\Services\Order\S2O.Order.Infra\S2O.Order.Infra.csproj", "{0A3DAD92-EF6F-4C98-99F6-4154AF409183}"
EndProject
Project("{FAE04EC0-301F-11D3-BF4B-00C04F79EFBC}") = "S2O.Payment.Api", "src\Services\Payment\S2O.Payment.Api\S2O.Payment.Api.csproj", "{5F46FA8D-0420-415C-B8A2-0EF1C188D8EC}"
EndProject
Project("{FAE04EC0-301F-11D3-BF4B-00C04F79EFBC}") = "S2O.Payment.App", "src\Services\Payment\S2O.Payment.App\S2O.Payment.App.csproj", "{CE07C15F-26B0-4047-A5D8-B5CCDB0C55DF}"
EndProject
Project("{FAE04EC0-301F-11D3-BF4B-00C04F79EFBC}") = "S2O.Payment.Domain", "src\Services\Payment\S2O.Payment.Domain\S2O.Payment.Domain.csproj", "{6D58519B-90F0-4B44-A022-F0D3A1629988}"
EndProject
Project("{FAE04EC0-301F-11D3-BF4B-00C04F79EFBC}") = "S2O.Payment.Infra", "src\Services\Payment\S2O.Payment.Infra\S2O.Payment.Infra.csproj", "{BA404B92-AB5F-407B-8BE0-47DEA7EF762C}"
EndProject
Project("{FAE04EC0-301F-11D3-BF4B-00C04F79EFBC}") = "S2O.Tenant.Api", "src\Services\Tenant\S2O.Tenant.Api\S2O.Tenant.Api.csproj", "{28836646-D2E9-4947-A08F-1B3762E4DB15}"
EndProject
Project("{FAE04EC0-301F-11D3-BF4B-00C04F79EFBC}") = "S2O.Tenant.App", "src\Services\Tenant\S2O.Tenant.App\S2O.Tenant.App.csproj", "{444C1164-1398-4BBD-8358-AF34F51ED265}"
EndProject
Project("{FAE04EC0-301F-11D3-BF4B-00C04F79EFBC}") = "S2O.Tenant.Domain", "src\Services\Tenant\S2O.Tenant.Domain\S2O.Tenant.Domain.csproj", "{E462FC6C-6496-40CD-8679-0AF75D7185F2}"
EndProject
Project("{FAE04EC0-301F-11D3-BF4B-00C04F79EFBC}") = "S2O.Tenant.Infra", "src\Services\Tenant\S2O.Tenant.Infra\S2O.Tenant.Infra.csproj", "{39E48B02-AD5D-43DF-B72D-AF19F3A5CE19}"
EndProject
Project("{2150E333-8FDC-42A3-9474-1A3956D46DE8}") = "Booking", "Booking", "{02EA681E-C7D8-13C7-8484-4AC65E1B71E8}"
EndProject
Project("{2150E333-8FDC-42A3-9474-1A3956D46DE8}") = "Catalog", "Catalog", "{93219DB2-34C7-460E-BCC1-FE47F17CC0A9}"
EndProject
Project("{2150E333-8FDC-42A3-9474-1A3956D46DE8}") = "Identity", "Identity", "{BA4D33C7-591B-44E4-AFD9-3B521E5B2093}"
EndProject
Project("{2150E333-8FDC-42A3-9474-1A3956D46DE8}") = "Order", "Order", "{C2DA73B1-519F-4A3B-A579-265A007FC43C}"
EndProject
Project("{2150E333-8FDC-42A3-9474-1A3956D46DE8}") = "Payment", "Payment", "{CB95A312-26B1-4D0D-B710-14C8A88FCF37}"
EndProject
Project("{2150E333-8FDC-42A3-9474-1A3956D46DE8}") = "Tenant", "Tenant", "{A71B427F-B3DA-4709-B2D7-FEBA62ADCF12}"
EndProject
Global
	GlobalSection(SolutionConfigurationPlatforms) = preSolution
		Debug|Any CPU = Debug|Any CPU
		Debug|x64 = Debug|x64
		Debug|x86 = Debug|x86
		Release|Any CPU = Release|Any CPU
		Release|x64 = Release|x64
		Release|x86 = Release|x86
	EndGlobalSection
	GlobalSection(ProjectConfigurationPlatforms) = postSolution
		{6DCC4766-8CA0-2D0D-4764-0AE651BC9732}.Debug|Any CPU.ActiveCfg = Debug|Any CPU
		{6DCC4766-8CA0-2D0D-4764-0AE651BC9732}.Debug|Any CPU.Build.0 = Debug|Any CPU
		{6DCC4766-8CA0-2D0D-4764-0AE651BC9732}.Debug|x64.ActiveCfg = Debug|Any CPU
		{6DCC4766-8CA0-2D0D-4764-0AE651BC9732}.Debug|x64.Build.0 = Debug|Any CPU
		{6DCC4766-8CA0-2D0D-4764-0AE651BC9732}.Debug|x86.ActiveCfg = Debug|Any CPU
		{6DCC4766-8CA0-2D0D-4764-0AE651BC9732}.Debug|x86.Build.0 = Debug|Any CPU
		{6DCC4766-8CA0-2D0D-4764-0AE651BC9732}.Release|Any CPU.ActiveCfg = Release|Any CPU
		{6DCC4766-8CA0-2D0D-4764-0AE651BC9732}.Release|Any CPU.Build.0 = Release|Any CPU
		{6DCC4766-8CA0-2D0D-4764-0AE651BC9732}.Release|x64.ActiveCfg = Release|Any CPU
		{6DCC4766-8CA0-2D0D-4764-0AE651BC9732}.Release|x64.Build.0 = Release|Any CPU
		{6DCC4766-8CA0-2D0D-4764-0AE651BC9732}.Release|x86.ActiveCfg = Release|Any CPU
		{6DCC4766-8CA0-2D0D-4764-0AE651BC9732}.Release|x86.Build.0 = Release|Any CPU
		{119CAED8-74F5-BB4B-EA02-A96E208401D9}.Debug|Any CPU.ActiveCfg = Debug|Any CPU
		{119CAED8-74F5-BB4B-EA02-A96E208401D9}.Debug|Any CPU.Build.0 = Debug|Any CPU
		{119CAED8-74F5-BB4B-EA02-A96E208401D9}.Debug|x64.ActiveCfg = Debug|Any CPU
		{119CAED8-74F5-BB4B-EA02-A96E208401D9}.Debug|x64.Build.0 = Debug|Any CPU
		{119CAED8-74F5-BB4B-EA02-A96E208401D9}.Debug|x86.ActiveCfg = Debug|Any CPU
		{119CAED8-74F5-BB4B-EA02-A96E208401D9}.Debug|x86.Build.0 = Debug|Any CPU
		{119CAED8-74F5-BB4B-EA02-A96E208401D9}.Release|Any CPU.ActiveCfg = Release|Any CPU
		{119CAED8-74F5-BB4B-EA02-A96E208401D9}.Release|Any CPU.Build.0 = Release|Any CPU
		{119CAED8-74F5-BB4B-EA02-A96E208401D9}.Release|x64.ActiveCfg = Release|Any CPU
		{119CAED8-74F5-BB4B-EA02-A96E208401D9}.Release|x64.Build.0 = Release|Any CPU
		{119CAED8-74F5-BB4B-EA02-A96E208401D9}.Release|x86.ActiveCfg = Release|Any CPU
		{119CAED8-74F5-BB4B-EA02-A96E208401D9}.Release|x86.Build.0 = Release|Any CPU
		{13859F95-D2B1-5E23-1502-B3213F48BB32}.Debug|Any CPU.ActiveCfg = Debug|Any CPU
		{13859F95-D2B1-5E23-1502-B3213F48BB32}.Debug|Any CPU.Build.0 = Debug|Any CPU
		{13859F95-D2B1-5E23-1502-B3213F48BB32}.Debug|x64.ActiveCfg = Debug|Any CPU
		{13859F95-D2B1-5E23-1502-B3213F48BB32}.Debug|x64.Build.0 = Debug|Any CPU
		{13859F95-D2B1-5E23-1502-B3213F48BB32}.Debug|x86.ActiveCfg = Debug|Any CPU
		{13859F95-D2B1-5E23-1502-B3213F48BB32}.Debug|x86.Build.0 = Debug|Any CPU
		{13859F95-D2B1-5E23-1502-B3213F48BB32}.Release|Any CPU.ActiveCfg = Release|Any CPU
		{13859F95-D2B1-5E23-1502-B3213F48BB32}.Release|Any CPU.Build.0 = Release|Any CPU
		{13859F95-D2B1-5E23-1502-B3213F48BB32}.Release|x64.ActiveCfg = Release|Any CPU
		{13859F95-D2B1-5E23-1502-B3213F48BB32}.Release|x64.Build.0 = Release|Any CPU
		{13859F95-D2B1-5E23-1502-B3213F48BB32}.Release|x86.ActiveCfg = Release|Any CPU
		{13859F95-D2B1-5E23-1502-B3213F48BB32}.Release|x86.Build.0 = Release|Any CPU
		{5D190675-AC51-4164-9760-ECADA97ED1F8}.Debug|Any CPU.ActiveCfg = Debug|Any CPU
		{5D190675-AC51-4164-9760-ECADA97ED1F8}.Debug|Any CPU.Build.0 = Debug|Any CPU
		{5D190675-AC51-4164-9760-ECADA97ED1F8}.Debug|x64.ActiveCfg = Debug|Any CPU
		{5D190675-AC51-4164-9760-ECADA97ED1F8}.Debug|x64.Build.0 = Debug|Any CPU
		{5D190675-AC51-4164-9760-ECADA97ED1F8}.Debug|x86.ActiveCfg = Debug|Any CPU
		{5D190675-AC51-4164-9760-ECADA97ED1F8}.Debug|x86.Build.0 = Debug|Any CPU
		{5D190675-AC51-4164-9760-ECADA97ED1F8}.Release|Any CPU.ActiveCfg = Release|Any CPU
		{5D190675-AC51-4164-9760-ECADA97ED1F8}.Release|Any CPU.Build.0 = Release|Any CPU
		{5D190675-AC51-4164-9760-ECADA97ED1F8}.Release|x64.ActiveCfg = Release|Any CPU
		{5D190675-AC51-4164-9760-ECADA97ED1F8}.Release|x64.Build.0 = Release|Any CPU
		{5D190675-AC51-4164-9760-ECADA97ED1F8}.Release|x86.ActiveCfg = Release|Any CPU
		{5D190675-AC51-4164-9760-ECADA97ED1F8}.Release|x86.Build.0 = Release|Any CPU
		{9D6A016C-DDEF-4FB9-84CD-EC75607819C7}.Debug|Any CPU.ActiveCfg = Debug|Any CPU
		{9D6A016C-DDEF-4FB9-84CD-EC75607819C7}.Debug|Any CPU.Build.0 = Debug|Any CPU
		{9D6A016C-DDEF-4FB9-84CD-EC75607819C7}.Debug|x64.ActiveCfg = Debug|Any CPU
		{9D6A016C-DDEF-4FB9-84CD-EC75607819C7}.Debug|x64.Build.0 = Debug|Any CPU
		{9D6A016C-DDEF-4FB9-84CD-EC75607819C7}.Debug|x86.ActiveCfg = Debug|Any CPU
		{9D6A016C-DDEF-4FB9-84CD-EC75607819C7}.Debug|x86.Build.0 = Debug|Any CPU
		{9D6A016C-DDEF-4FB9-84CD-EC75607819C7}.Release|Any CPU.ActiveCfg = Release|Any CPU
		{9D6A016C-DDEF-4FB9-84CD-EC75607819C7}.Release|Any CPU.Build.0 = Release|Any CPU
		{9D6A016C-DDEF-4FB9-84CD-EC75607819C7}.Release|x64.ActiveCfg = Release|Any CPU
		{9D6A016C-DDEF-4FB9-84CD-EC75607819C7}.Release|x64.Build.0 = Release|Any CPU
		{9D6A016C-DDEF-4FB9-84CD-EC75607819C7}.Release|x86.ActiveCfg = Release|Any CPU
		{9D6A016C-DDEF-4FB9-84CD-EC75607819C7}.Release|x86.Build.0 = Release|Any CPU
		{36E98D27-14BE-46D1-8623-E8286DA6F202}.Debug|Any CPU.ActiveCfg = Debug|Any CPU
		{36E98D27-14BE-46D1-8623-E8286DA6F202}.Debug|Any CPU.Build.0 = Debug|Any CPU
		{36E98D27-14BE-46D1-8623-E8286DA6F202}.Debug|x64.ActiveCfg = Debug|Any CPU
		{36E98D27-14BE-46D1-8623-E8286DA6F202}.Debug|x64.Build.0 = Debug|Any CPU
		{36E98D27-14BE-46D1-8623-E8286DA6F202}.Debug|x86.ActiveCfg = Debug|Any CPU
		{36E98D27-14BE-46D1-8623-E8286DA6F202}.Debug|x86.Build.0 = Debug|Any CPU
		{36E98D27-14BE-46D1-8623-E8286DA6F202}.Release|Any CPU.ActiveCfg = Release|Any CPU
		{36E98D27-14BE-46D1-8623-E8286DA6F202}.Release|Any CPU.Build.0 = Release|Any CPU
		{36E98D27-14BE-46D1-8623-E8286DA6F202}.Release|x64.ActiveCfg = Release|Any CPU
		{36E98D27-14BE-46D1-8623-E8286DA6F202}.Release|x64.Build.0 = Release|Any CPU
		{36E98D27-14BE-46D1-8623-E8286DA6F202}.Release|x86.ActiveCfg = Release|Any CPU
		{36E98D27-14BE-46D1-8623-E8286DA6F202}.Release|x86.Build.0 = Release|Any CPU
		{14B48DD7-571D-4A8B-B473-0A2D33D3851B}.Debug|Any CPU.ActiveCfg = Debug|Any CPU
		{14B48DD7-571D-4A8B-B473-0A2D33D3851B}.Debug|Any CPU.Build.0 = Debug|Any CPU
		{14B48DD7-571D-4A8B-B473-0A2D33D3851B}.Debug|x64.ActiveCfg = Debug|Any CPU
		{14B48DD7-571D-4A8B-B473-0A2D33D3851B}.Debug|x64.Build.0 = Debug|Any CPU
		{14B48DD7-571D-4A8B-B473-0A2D33D3851B}.Debug|x86.ActiveCfg = Debug|Any CPU
		{14B48DD7-571D-4A8B-B473-0A2D33D3851B}.Debug|x86.Build.0 = Debug|Any CPU
		{14B48DD7-571D-4A8B-B473-0A2D33D3851B}.Release|Any CPU.ActiveCfg = Release|Any CPU
		{14B48DD7-571D-4A8B-B473-0A2D33D3851B}.Release|Any CPU.Build.0 = Release|Any CPU
		{14B48DD7-571D-4A8B-B473-0A2D33D3851B}.Release|x64.ActiveCfg = Release|Any CPU
		{14B48DD7-571D-4A8B-B473-0A2D33D3851B}.Release|x64.Build.0 = Release|Any CPU
		{14B48DD7-571D-4A8B-B473-0A2D33D3851B}.Release|x86.ActiveCfg = Release|Any CPU
		{14B48DD7-571D-4A8B-B473-0A2D33D3851B}.Release|x86.Build.0 = Release|Any CPU
		{03B592F8-C74B-4ED5-BEFF-3108D30F69AD}.Debug|Any CPU.ActiveCfg = Debug|Any CPU
		{03B592F8-C74B-4ED5-BEFF-3108D30F69AD}.Debug|Any CPU.Build.0 = Debug|Any CPU
		{03B592F8-C74B-4ED5-BEFF-3108D30F69AD}.Debug|x64.ActiveCfg = Debug|Any CPU
		{03B592F8-C74B-4ED5-BEFF-3108D30F69AD}.Debug|x64.Build.0 = Debug|Any CPU
		{03B592F8-C74B-4ED5-BEFF-3108D30F69AD}.Debug|x86.ActiveCfg = Debug|Any CPU
		{03B592F8-C74B-4ED5-BEFF-3108D30F69AD}.Debug|x86.Build.0 = Debug|Any CPU
		{03B592F8-C74B-4ED5-BEFF-3108D30F69AD}.Release|Any CPU.ActiveCfg = Release|Any CPU
		{03B592F8-C74B-4ED5-BEFF-3108D30F69AD}.Release|Any CPU.Build.0 = Release|Any CPU
		{03B592F8-C74B-4ED5-BEFF-3108D30F69AD}.Release|x64.ActiveCfg = Release|Any CPU
		{03B592F8-C74B-4ED5-BEFF-3108D30F69AD}.Release|x64.Build.0 = Release|Any CPU
		{03B592F8-C74B-4ED5-BEFF-3108D30F69AD}.Release|x86.ActiveCfg = Release|Any CPU
		{03B592F8-C74B-4ED5-BEFF-3108D30F69AD}.Release|x86.Build.0 = Release|Any CPU
		{D379E48F-3957-49F6-B2F6-B3785FA8C732}.Debug|Any CPU.ActiveCfg = Debug|Any CPU
		{D379E48F-3957-49F6-B2F6-B3785FA8C732}.Debug|Any CPU.Build.0 = Debug|Any CPU
		{D379E48F-3957-49F6-B2F6-B3785FA8C732}.Debug|x64.ActiveCfg = Debug|Any CPU
		{D379E48F-3957-49F6-B2F6-B3785FA8C732}.Debug|x64.Build.0 = Debug|Any CPU
		{D379E48F-3957-49F6-B2F6-B3785FA8C732}.Debug|x86.ActiveCfg = Debug|Any CPU
		{D379E48F-3957-49F6-B2F6-B3785FA8C732}.Debug|x86.Build.0 = Debug|Any CPU
		{D379E48F-3957-49F6-B2F6-B3785FA8C732}.Release|Any CPU.ActiveCfg = Release|Any CPU
		{D379E48F-3957-49F6-B2F6-B3785FA8C732}.Release|Any CPU.Build.0 = Release|Any CPU
		{D379E48F-3957-49F6-B2F6-B3785FA8C732}.Release|x64.ActiveCfg = Release|Any CPU
		{D379E48F-3957-49F6-B2F6-B3785FA8C732}.Release|x64.Build.0 = Release|Any CPU
		{D379E48F-3957-49F6-B2F6-B3785FA8C732}.Release|x86.ActiveCfg = Release|Any CPU
		{D379E48F-3957-49F6-B2F6-B3785FA8C732}.Release|x86.Build.0 = Release|Any CPU
		{EE63C98C-521B-4F7E-93BA-A13060C69C15}.Debug|Any CPU.ActiveCfg = Debug|Any CPU
		{EE63C98C-521B-4F7E-93BA-A13060C69C15}.Debug|Any CPU.Build.0 = Debug|Any CPU
		{EE63C98C-521B-4F7E-93BA-A13060C69C15}.Debug|x64.ActiveCfg = Debug|Any CPU
		{EE63C98C-521B-4F7E-93BA-A13060C69C15}.Debug|x64.Build.0 = Debug|Any CPU
		{EE63C98C-521B-4F7E-93BA-A13060C69C15}.Debug|x86.ActiveCfg = Debug|Any CPU
		{EE63C98C-521B-4F7E-93BA-A13060C69C15}.Debug|x86.Build.0 = Debug|Any CPU
		{EE63C98C-521B-4F7E-93BA-A13060C69C15}.Release|Any CPU.ActiveCfg = Release|Any CPU
		{EE63C98C-521B-4F7E-93BA-A13060C69C15}.Release|Any CPU.Build.0 = Release|Any CPU
		{EE63C98C-521B-4F7E-93BA-A13060C69C15}.Release|x64.ActiveCfg = Release|Any CPU
		{EE63C98C-521B-4F7E-93BA-A13060C69C15}.Release|x64.Build.0 = Release|Any CPU
		{EE63C98C-521B-4F7E-93BA-A13060C69C15}.Release|x86.ActiveCfg = Release|Any CPU
		{EE63C98C-521B-4F7E-93BA-A13060C69C15}.Release|x86.Build.0 = Release|Any CPU
		{D1CF0ED2-5AF4-4D4F-A686-D12D96F6A693}.Debug|Any CPU.ActiveCfg = Debug|Any CPU
		{D1CF0ED2-5AF4-4D4F-A686-D12D96F6A693}.Debug|Any CPU.Build.0 = Debug|Any CPU
		{D1CF0ED2-5AF4-4D4F-A686-D12D96F6A693}.Debug|x64.ActiveCfg = Debug|Any CPU
		{D1CF0ED2-5AF4-4D4F-A686-D12D96F6A693}.Debug|x64.Build.0 = Debug|Any CPU
		{D1CF0ED2-5AF4-4D4F-A686-D12D96F6A693}.Debug|x86.ActiveCfg = Debug|Any CPU
		{D1CF0ED2-5AF4-4D4F-A686-D12D96F6A693}.Debug|x86.Build.0 = Debug|Any CPU
		{D1CF0ED2-5AF4-4D4F-A686-D12D96F6A693}.Release|Any CPU.ActiveCfg = Release|Any CPU
		{D1CF0ED2-5AF4-4D4F-A686-D12D96F6A693}.Release|Any CPU.Build.0 = Release|Any CPU
		{D1CF0ED2-5AF4-4D4F-A686-D12D96F6A693}.Release|x64.ActiveCfg = Release|Any CPU
		{D1CF0ED2-5AF4-4D4F-A686-D12D96F6A693}.Release|x64.Build.0 = Release|Any CPU
		{D1CF0ED2-5AF4-4D4F-A686-D12D96F6A693}.Release|x86.ActiveCfg = Release|Any CPU
		{D1CF0ED2-5AF4-4D4F-A686-D12D96F6A693}.Release|x86.Build.0 = Release|Any CPU
		{E2FF0321-9AD3-4967-9CB1-DB8B390447F3}.Debug|Any CPU.ActiveCfg = Debug|Any CPU
		{E2FF0321-9AD3-4967-9CB1-DB8B390447F3}.Debug|Any CPU.Build.0 = Debug|Any CPU
		{E2FF0321-9AD3-4967-9CB1-DB8B390447F3}.Debug|x64.ActiveCfg = Debug|Any CPU
		{E2FF0321-9AD3-4967-9CB1-DB8B390447F3}.Debug|x64.Build.0 = Debug|Any CPU
		{E2FF0321-9AD3-4967-9CB1-DB8B390447F3}.Debug|x86.ActiveCfg = Debug|Any CPU
		{E2FF0321-9AD3-4967-9CB1-DB8B390447F3}.Debug|x86.Build.0 = Debug|Any CPU
		{E2FF0321-9AD3-4967-9CB1-DB8B390447F3}.Release|Any CPU.ActiveCfg = Release|Any CPU
		{E2FF0321-9AD3-4967-9CB1-DB8B390447F3}.Release|Any CPU.Build.0 = Release|Any CPU
		{E2FF0321-9AD3-4967-9CB1-DB8B390447F3}.Release|x64.ActiveCfg = Release|Any CPU
		{E2FF0321-9AD3-4967-9CB1-DB8B390447F3}.Release|x64.Build.0 = Release|Any CPU
		{E2FF0321-9AD3-4967-9CB1-DB8B390447F3}.Release|x86.ActiveCfg = Release|Any CPU
		{E2FF0321-9AD3-4967-9CB1-DB8B390447F3}.Release|x86.Build.0 = Release|Any CPU
		{0EC823F8-E2C5-492F-B2DF-375B1A1A9323}.Debug|Any CPU.ActiveCfg = Debug|Any CPU
		{0EC823F8-E2C5-492F-B2DF-375B1A1A9323}.Debug|Any CPU.Build.0 = Debug|Any CPU
		{0EC823F8-E2C5-492F-B2DF-375B1A1A9323}.Debug|x64.ActiveCfg = Debug|Any CPU
		{0EC823F8-E2C5-492F-B2DF-375B1A1A9323}.Debug|x64.Build.0 = Debug|Any CPU
		{0EC823F8-E2C5-492F-B2DF-375B1A1A9323}.Debug|x86.ActiveCfg = Debug|Any CPU
		{0EC823F8-E2C5-492F-B2DF-375B1A1A9323}.Debug|x86.Build.0 = Debug|Any CPU
		{0EC823F8-E2C5-492F-B2DF-375B1A1A9323}.Release|Any CPU.ActiveCfg = Release|Any CPU
		{0EC823F8-E2C5-492F-B2DF-375B1A1A9323}.Release|Any CPU.Build.0 = Release|Any CPU
		{0EC823F8-E2C5-492F-B2DF-375B1A1A9323}.Release|x64.ActiveCfg = Release|Any CPU
		{0EC823F8-E2C5-492F-B2DF-375B1A1A9323}.Release|x64.Build.0 = Release|Any CPU
		{0EC823F8-E2C5-492F-B2DF-375B1A1A9323}.Release|x86.ActiveCfg = Release|Any CPU
		{0EC823F8-E2C5-492F-B2DF-375B1A1A9323}.Release|x86.Build.0 = Release|Any CPU
		{9F803583-1D92-41BB-BC1F-7988FC928479}.Debug|Any CPU.ActiveCfg = Debug|Any CPU
		{9F803583-1D92-41BB-BC1F-7988FC928479}.Debug|Any CPU.Build.0 = Debug|Any CPU
		{9F803583-1D92-41BB-BC1F-7988FC928479}.Debug|x64.ActiveCfg = Debug|Any CPU
		{9F803583-1D92-41BB-BC1F-7988FC928479}.Debug|x64.Build.0 = Debug|Any CPU
		{9F803583-1D92-41BB-BC1F-7988FC928479}.Debug|x86.ActiveCfg = Debug|Any CPU
		{9F803583-1D92-41BB-BC1F-7988FC928479}.Debug|x86.Build.0 = Debug|Any CPU
		{9F803583-1D92-41BB-BC1F-7988FC928479}.Release|Any CPU.ActiveCfg = Release|Any CPU
		{9F803583-1D92-41BB-BC1F-7988FC928479}.Release|Any CPU.Build.0 = Release|Any CPU
		{9F803583-1D92-41BB-BC1F-7988FC928479}.Release|x64.ActiveCfg = Release|Any CPU
		{9F803583-1D92-41BB-BC1F-7988FC928479}.Release|x64.Build.0 = Release|Any CPU
		{9F803583-1D92-41BB-BC1F-7988FC928479}.Release|x86.ActiveCfg = Release|Any CPU
		{9F803583-1D92-41BB-BC1F-7988FC928479}.Release|x86.Build.0 = Release|Any CPU
		{D86E352E-AFD9-4DD6-85AA-F72ED084934A}.Debug|Any CPU.ActiveCfg = Debug|Any CPU
		{D86E352E-AFD9-4DD6-85AA-F72ED084934A}.Debug|Any CPU.Build.0 = Debug|Any CPU
		{D86E352E-AFD9-4DD6-85AA-F72ED084934A}.Debug|x64.ActiveCfg = Debug|Any CPU
		{D86E352E-AFD9-4DD6-85AA-F72ED084934A}.Debug|x64.Build.0 = Debug|Any CPU
		{D86E352E-AFD9-4DD6-85AA-F72ED084934A}.Debug|x86.ActiveCfg = Debug|Any CPU
		{D86E352E-AFD9-4DD6-85AA-F72ED084934A}.Debug|x86.Build.0 = Debug|Any CPU
		{D86E352E-AFD9-4DD6-85AA-F72ED084934A}.Release|Any CPU.ActiveCfg = Release|Any CPU
		{D86E352E-AFD9-4DD6-85AA-F72ED084934A}.Release|Any CPU.Build.0 = Release|Any CPU
		{D86E352E-AFD9-4DD6-85AA-F72ED084934A}.Release|x64.ActiveCfg = Release|Any CPU
		{D86E352E-AFD9-4DD6-85AA-F72ED084934A}.Release|x64.Build.0 = Release|Any CPU
		{D86E352E-AFD9-4DD6-85AA-F72ED084934A}.Release|x86.ActiveCfg = Release|Any CPU
		{D86E352E-AFD9-4DD6-85AA-F72ED084934A}.Release|x86.Build.0 = Release|Any CPU
		{BA7F3E3C-D2EB-4EB1-A012-4EA7E01DB6A2}.Debug|Any CPU.ActiveCfg = Debug|Any CPU
		{BA7F3E3C-D2EB-4EB1-A012-4EA7E01DB6A2}.Debug|Any CPU.Build.0 = Debug|Any CPU
		{BA7F3E3C-D2EB-4EB1-A012-4EA7E01DB6A2}.Debug|x64.ActiveCfg = Debug|Any CPU
		{BA7F3E3C-D2EB-4EB1-A012-4EA7E01DB6A2}.Debug|x64.Build.0 = Debug|Any CPU
		{BA7F3E3C-D2EB-4EB1-A012-4EA7E01DB6A2}.Debug|x86.ActiveCfg = Debug|Any CPU
		{BA7F3E3C-D2EB-4EB1-A012-4EA7E01DB6A2}.Debug|x86.Build.0 = Debug|Any CPU
		{BA7F3E3C-D2EB-4EB1-A012-4EA7E01DB6A2}.Release|Any CPU.ActiveCfg = Release|Any CPU
		{BA7F3E3C-D2EB-4EB1-A012-4EA7E01DB6A2}.Release|Any CPU.Build.0 = Release|Any CPU
		{BA7F3E3C-D2EB-4EB1-A012-4EA7E01DB6A2}.Release|x64.ActiveCfg = Release|Any CPU
		{BA7F3E3C-D2EB-4EB1-A012-4EA7E01DB6A2}.Release|x64.Build.0 = Release|Any CPU
		{BA7F3E3C-D2EB-4EB1-A012-4EA7E01DB6A2}.Release|x86.ActiveCfg = Release|Any CPU
		{BA7F3E3C-D2EB-4EB1-A012-4EA7E01DB6A2}.Release|x86.Build.0 = Release|Any CPU
		{472C8F0D-A3FE-4A5E-ABB4-E72B8AA46EE5}.Debug|Any CPU.ActiveCfg = Debug|Any CPU
		{472C8F0D-A3FE-4A5E-ABB4-E72B8AA46EE5}.Debug|Any CPU.Build.0 = Debug|Any CPU
		{472C8F0D-A3FE-4A5E-ABB4-E72B8AA46EE5}.Debug|x64.ActiveCfg = Debug|Any CPU
		{472C8F0D-A3FE-4A5E-ABB4-E72B8AA46EE5}.Debug|x64.Build.0 = Debug|Any CPU
		{472C8F0D-A3FE-4A5E-ABB4-E72B8AA46EE5}.Debug|x86.ActiveCfg = Debug|Any CPU
		{472C8F0D-A3FE-4A5E-ABB4-E72B8AA46EE5}.Debug|x86.Build.0 = Debug|Any CPU
		{472C8F0D-A3FE-4A5E-ABB4-E72B8AA46EE5}.Release|Any CPU.ActiveCfg = Release|Any CPU
		{472C8F0D-A3FE-4A5E-ABB4-E72B8AA46EE5}.Release|Any CPU.Build.0 = Release|Any CPU
		{472C8F0D-A3FE-4A5E-ABB4-E72B8AA46EE5}.Release|x64.ActiveCfg = Release|Any CPU
		{472C8F0D-A3FE-4A5E-ABB4-E72B8AA46EE5}.Release|x64.Build.0 = Release|Any CPU
		{472C8F0D-A3FE-4A5E-ABB4-E72B8AA46EE5}.Release|x86.ActiveCfg = Release|Any CPU
		{472C8F0D-A3FE-4A5E-ABB4-E72B8AA46EE5}.Release|x86.Build.0 = Release|Any CPU
		{760E3F10-62C7-47B1-91CF-59860D8CD301}.Debug|Any CPU.ActiveCfg = Debug|Any CPU
		{760E3F10-62C7-47B1-91CF-59860D8CD301}.Debug|Any CPU.Build.0 = Debug|Any CPU
		{760E3F10-62C7-47B1-91CF-59860D8CD301}.Debug|x64.ActiveCfg = Debug|Any CPU
		{760E3F10-62C7-47B1-91CF-59860D8CD301}.Debug|x64.Build.0 = Debug|Any CPU
		{760E3F10-62C7-47B1-91CF-59860D8CD301}.Debug|x86.ActiveCfg = Debug|Any CPU
		{760E3F10-62C7-47B1-91CF-59860D8CD301}.Debug|x86.Build.0 = Debug|Any CPU
		{760E3F10-62C7-47B1-91CF-59860D8CD301}.Release|Any CPU.ActiveCfg = Release|Any CPU
		{760E3F10-62C7-47B1-91CF-59860D8CD301}.Release|Any CPU.Build.0 = Release|Any CPU
		{760E3F10-62C7-47B1-91CF-59860D8CD301}.Release|x64.ActiveCfg = Release|Any CPU
		{760E3F10-62C7-47B1-91CF-59860D8CD301}.Release|x64.Build.0 = Release|Any CPU
		{760E3F10-62C7-47B1-91CF-59860D8CD301}.Release|x86.ActiveCfg = Release|Any CPU
		{760E3F10-62C7-47B1-91CF-59860D8CD301}.Release|x86.Build.0 = Release|Any CPU
		{0A3DAD92-EF6F-4C98-99F6-4154AF409183}.Debug|Any CPU.ActiveCfg = Debug|Any CPU
		{0A3DAD92-EF6F-4C98-99F6-4154AF409183}.Debug|Any CPU.Build.0 = Debug|Any CPU
		{0A3DAD92-EF6F-4C98-99F6-4154AF409183}.Debug|x64.ActiveCfg = Debug|Any CPU
		{0A3DAD92-EF6F-4C98-99F6-4154AF409183}.Debug|x64.Build.0 = Debug|Any CPU
		{0A3DAD92-EF6F-4C98-99F6-4154AF409183}.Debug|x86.ActiveCfg = Debug|Any CPU
		{0A3DAD92-EF6F-4C98-99F6-4154AF409183}.Debug|x86.Build.0 = Debug|Any CPU
		{0A3DAD92-EF6F-4C98-99F6-4154AF409183}.Release|Any CPU.ActiveCfg = Release|Any CPU
		{0A3DAD92-EF6F-4C98-99F6-4154AF409183}.Release|Any CPU.Build.0 = Release|Any CPU
		{0A3DAD92-EF6F-4C98-99F6-4154AF409183}.Release|x64.ActiveCfg = Release|Any CPU
		{0A3DAD92-EF6F-4C98-99F6-4154AF409183}.Release|x64.Build.0 = Release|Any CPU
		{0A3DAD92-EF6F-4C98-99F6-4154AF409183}.Release|x86.ActiveCfg = Release|Any CPU
		{0A3DAD92-EF6F-4C98-99F6-4154AF409183}.Release|x86.Build.0 = Release|Any CPU
		{5F46FA8D-0420-415C-B8A2-0EF1C188D8EC}.Debug|Any CPU.ActiveCfg = Debug|Any CPU
		{5F46FA8D-0420-415C-B8A2-0EF1C188D8EC}.Debug|Any CPU.Build.0 = Debug|Any CPU
		{5F46FA8D-0420-415C-B8A2-0EF1C188D8EC}.Debug|x64.ActiveCfg = Debug|Any CPU
		{5F46FA8D-0420-415C-B8A2-0EF1C188D8EC}.Debug|x64.Build.0 = Debug|Any CPU
		{5F46FA8D-0420-415C-B8A2-0EF1C188D8EC}.Debug|x86.ActiveCfg = Debug|Any CPU
		{5F46FA8D-0420-415C-B8A2-0EF1C188D8EC}.Debug|x86.Build.0 = Debug|Any CPU
		{5F46FA8D-0420-415C-B8A2-0EF1C188D8EC}.Release|Any CPU.ActiveCfg = Release|Any CPU
		{5F46FA8D-0420-415C-B8A2-0EF1C188D8EC}.Release|Any CPU.Build.0 = Release|Any CPU
		{5F46FA8D-0420-415C-B8A2-0EF1C188D8EC}.Release|x64.ActiveCfg = Release|Any CPU
		{5F46FA8D-0420-415C-B8A2-0EF1C188D8EC}.Release|x64.Build.0 = Release|Any CPU
		{5F46FA8D-0420-415C-B8A2-0EF1C188D8EC}.Release|x86.ActiveCfg = Release|Any CPU
		{5F46FA8D-0420-415C-B8A2-0EF1C188D8EC}.Release|x86.Build.0 = Release|Any CPU
		{CE07C15F-26B0-4047-A5D8-B5CCDB0C55DF}.Debug|Any CPU.ActiveCfg = Debug|Any CPU
		{CE07C15F-26B0-4047-A5D8-B5CCDB0C55DF}.Debug|Any CPU.Build.0 = Debug|Any CPU
		{CE07C15F-26B0-4047-A5D8-B5CCDB0C55DF}.Debug|x64.ActiveCfg = Debug|Any CPU
		{CE07C15F-26B0-4047-A5D8-B5CCDB0C55DF}.Debug|x64.Build.0 = Debug|Any CPU
		{CE07C15F-26B0-4047-A5D8-B5CCDB0C55DF}.Debug|x86.ActiveCfg = Debug|Any CPU
		{CE07C15F-26B0-4047-A5D8-B5CCDB0C55DF}.Debug|x86.Build.0 = Debug|Any CPU
		{CE07C15F-26B0-4047-A5D8-B5CCDB0C55DF}.Release|Any CPU.ActiveCfg = Release|Any CPU
		{CE07C15F-26B0-4047-A5D8-B5CCDB0C55DF}.Release|Any CPU.Build.0 = Release|Any CPU
		{CE07C15F-26B0-4047-A5D8-B5CCDB0C55DF}.Release|x64.ActiveCfg = Release|Any CPU
		{CE07C15F-26B0-4047-A5D8-B5CCDB0C55DF}.Release|x64.Build.0 = Release|Any CPU
		{CE07C15F-26B0-4047-A5D8-B5CCDB0C55DF}.Release|x86.ActiveCfg = Release|Any CPU
		{CE07C15F-26B0-4047-A5D8-B5CCDB0C55DF}.Release|x86.Build.0 = Release|Any CPU
		{6D58519B-90F0-4B44-A022-F0D3A1629988}.Debug|Any CPU.ActiveCfg = Debug|Any CPU
		{6D58519B-90F0-4B44-A022-F0D3A1629988}.Debug|Any CPU.Build.0 = Debug|Any CPU
		{6D58519B-90F0-4B44-A022-F0D3A1629988}.Debug|x64.ActiveCfg = Debug|Any CPU
		{6D58519B-90F0-4B44-A022-F0D3A1629988}.Debug|x64.Build.0 = Debug|Any CPU
		{6D58519B-90F0-4B44-A022-F0D3A1629988}.Debug|x86.ActiveCfg = Debug|Any CPU
		{6D58519B-90F0-4B44-A022-F0D3A1629988}.Debug|x86.Build.0 = Debug|Any CPU
		{6D58519B-90F0-4B44-A022-F0D3A1629988}.Release|Any CPU.ActiveCfg = Release|Any CPU
		{6D58519B-90F0-4B44-A022-F0D3A1629988}.Release|Any CPU.Build.0 = Release|Any CPU
		{6D58519B-90F0-4B44-A022-F0D3A1629988}.Release|x64.ActiveCfg = Release|Any CPU
		{6D58519B-90F0-4B44-A022-F0D3A1629988}.Release|x64.Build.0 = Release|Any CPU
		{6D58519B-90F0-4B44-A022-F0D3A1629988}.Release|x86.ActiveCfg = Release|Any CPU
		{6D58519B-90F0-4B44-A022-F0D3A1629988}.Release|x86.Build.0 = Release|Any CPU
		{BA404B92-AB5F-407B-8BE0-47DEA7EF762C}.Debug|Any CPU.ActiveCfg = Debug|Any CPU
		{BA404B92-AB5F-407B-8BE0-47DEA7EF762C}.Debug|Any CPU.Build.0 = Debug|Any CPU
		{BA404B92-AB5F-407B-8BE0-47DEA7EF762C}.Debug|x64.ActiveCfg = Debug|Any CPU
		{BA404B92-AB5F-407B-8BE0-47DEA7EF762C}.Debug|x64.Build.0 = Debug|Any CPU
		{BA404B92-AB5F-407B-8BE0-47DEA7EF762C}.Debug|x86.ActiveCfg = Debug|Any CPU
		{BA404B92-AB5F-407B-8BE0-47DEA7EF762C}.Debug|x86.Build.0 = Debug|Any CPU
		{BA404B92-AB5F-407B-8BE0-47DEA7EF762C}.Release|Any CPU.ActiveCfg = Release|Any CPU
		{BA404B92-AB5F-407B-8BE0-47DEA7EF762C}.Release|Any CPU.Build.0 = Release|Any CPU
		{BA404B92-AB5F-407B-8BE0-47DEA7EF762C}.Release|x64.ActiveCfg = Release|Any CPU
		{BA404B92-AB5F-407B-8BE0-47DEA7EF762C}.Release|x64.Build.0 = Release|Any CPU
		{BA404B92-AB5F-407B-8BE0-47DEA7EF762C}.Release|x86.ActiveCfg = Release|Any CPU
		{BA404B92-AB5F-407B-8BE0-47DEA7EF762C}.Release|x86.Build.0 = Release|Any CPU
		{28836646-D2E9-4947-A08F-1B3762E4DB15}.Debug|Any CPU.ActiveCfg = Debug|Any CPU
		{28836646-D2E9-4947-A08F-1B3762E4DB15}.Debug|Any CPU.Build.0 = Debug|Any CPU
		{28836646-D2E9-4947-A08F-1B3762E4DB15}.Debug|x64.ActiveCfg = Debug|Any CPU
		{28836646-D2E9-4947-A08F-1B3762E4DB15}.Debug|x64.Build.0 = Debug|Any CPU
		{28836646-D2E9-4947-A08F-1B3762E4DB15}.Debug|x86.ActiveCfg = Debug|Any CPU
		{28836646-D2E9-4947-A08F-1B3762E4DB15}.Debug|x86.Build.0 = Debug|Any CPU
		{28836646-D2E9-4947-A08F-1B3762E4DB15}.Release|Any CPU.ActiveCfg = Release|Any CPU
		{28836646-D2E9-4947-A08F-1B3762E4DB15}.Release|Any CPU.Build.0 = Release|Any CPU
		{28836646-D2E9-4947-A08F-1B3762E4DB15}.Release|x64.ActiveCfg = Release|Any CPU
		{28836646-D2E9-4947-A08F-1B3762E4DB15}.Release|x64.Build.0 = Release|Any CPU
		{28836646-D2E9-4947-A08F-1B3762E4DB15}.Release|x86.ActiveCfg = Release|Any CPU
		{28836646-D2E9-4947-A08F-1B3762E4DB15}.Release|x86.Build.0 = Release|Any CPU
		{444C1164-1398-4BBD-8358-AF34F51ED265}.Debug|Any CPU.ActiveCfg = Debug|Any CPU
		{444C1164-1398-4BBD-8358-AF34F51ED265}.Debug|Any CPU.Build.0 = Debug|Any CPU
		{444C1164-1398-4BBD-8358-AF34F51ED265}.Debug|x64.ActiveCfg = Debug|Any CPU
		{444C1164-1398-4BBD-8358-AF34F51ED265}.Debug|x64.Build.0 = Debug|Any CPU
		{444C1164-1398-4BBD-8358-AF34F51ED265}.Debug|x86.ActiveCfg = Debug|Any CPU
		{444C1164-1398-4BBD-8358-AF34F51ED265}.Debug|x86.Build.0 = Debug|Any CPU
		{444C1164-1398-4BBD-8358-AF34F51ED265}.Release|Any CPU.ActiveCfg = Release|Any CPU
		{444C1164-1398-4BBD-8358-AF34F51ED265}.Release|Any CPU.Build.0 = Release|Any CPU
		{444C1164-1398-4BBD-8358-AF34F51ED265}.Release|x64.ActiveCfg = Release|Any CPU
		{444C1164-1398-4BBD-8358-AF34F51ED265}.Release|x64.Build.0 = Release|Any CPU
		{444C1164-1398-4BBD-8358-AF34F51ED265}.Release|x86.ActiveCfg = Release|Any CPU
		{444C1164-1398-4BBD-8358-AF34F51ED265}.Release|x86.Build.0 = Release|Any CPU
		{E462FC6C-6496-40CD-8679-0AF75D7185F2}.Debug|Any CPU.ActiveCfg = Debug|Any CPU
		{E462FC6C-6496-40CD-8679-0AF75D7185F2}.Debug|Any CPU.Build.0 = Debug|Any CPU
		{E462FC6C-6496-40CD-8679-0AF75D7185F2}.Debug|x64.ActiveCfg = Debug|Any CPU
		{E462FC6C-6496-40CD-8679-0AF75D7185F2}.Debug|x64.Build.0 = Debug|Any CPU
		{E462FC6C-6496-40CD-8679-0AF75D7185F2}.Debug|x86.ActiveCfg = Debug|Any CPU
		{E462FC6C-6496-40CD-8679-0AF75D7185F2}.Debug|x86.Build.0 = Debug|Any CPU
		{E462FC6C-6496-40CD-8679-0AF75D7185F2}.Release|Any CPU.ActiveCfg = Release|Any CPU
		{E462FC6C-6496-40CD-8679-0AF75D7185F2}.Release|Any CPU.Build.0 = Release|Any CPU
		{E462FC6C-6496-40CD-8679-0AF75D7185F2}.Release|x64.ActiveCfg = Release|Any CPU
		{E462FC6C-6496-40CD-8679-0AF75D7185F2}.Release|x64.Build.0 = Release|Any CPU
		{E462FC6C-6496-40CD-8679-0AF75D7185F2}.Release|x86.ActiveCfg = Release|Any CPU
		{E462FC6C-6496-40CD-8679-0AF75D7185F2}.Release|x86.Build.0 = Release|Any CPU
		{39E48B02-AD5D-43DF-B72D-AF19F3A5CE19}.Debug|Any CPU.ActiveCfg = Debug|Any CPU
		{39E48B02-AD5D-43DF-B72D-AF19F3A5CE19}.Debug|Any CPU.Build.0 = Debug|Any CPU
		{39E48B02-AD5D-43DF-B72D-AF19F3A5CE19}.Debug|x64.ActiveCfg = Debug|Any CPU
		{39E48B02-AD5D-43DF-B72D-AF19F3A5CE19}.Debug|x64.Build.0 = Debug|Any CPU
		{39E48B02-AD5D-43DF-B72D-AF19F3A5CE19}.Debug|x86.ActiveCfg = Debug|Any CPU
		{39E48B02-AD5D-43DF-B72D-AF19F3A5CE19}.Debug|x86.Build.0 = Debug|Any CPU
		{39E48B02-AD5D-43DF-B72D-AF19F3A5CE19}.Release|Any CPU.ActiveCfg = Release|Any CPU
		{39E48B02-AD5D-43DF-B72D-AF19F3A5CE19}.Release|Any CPU.Build.0 = Release|Any CPU
		{39E48B02-AD5D-43DF-B72D-AF19F3A5CE19}.Release|x64.ActiveCfg = Release|Any CPU
		{39E48B02-AD5D-43DF-B72D-AF19F3A5CE19}.Release|x64.Build.0 = Release|Any CPU
		{39E48B02-AD5D-43DF-B72D-AF19F3A5CE19}.Release|x86.ActiveCfg = Release|Any CPU
		{39E48B02-AD5D-43DF-B72D-AF19F3A5CE19}.Release|x86.Build.0 = Release|Any CPU
	EndGlobalSection
	GlobalSection(SolutionProperties) = preSolution
		HideSolutionNode = FALSE
	EndGlobalSection
	GlobalSection(NestedProjects) = preSolution
		{984BB9B3-3FA3-BE33-9484-CAC21695A33C} = {827E0CD3-B72D-47B6-A68D-7590B98EB39B}
		{925AA968-7D0E-48E4-8DBD-20D683682AEB} = {827E0CD3-B72D-47B6-A68D-7590B98EB39B}
		{6DCC4766-8CA0-2D0D-4764-0AE651BC9732} = {827E0CD3-B72D-47B6-A68D-7590B98EB39B}
		{119CAED8-74F5-BB4B-EA02-A96E208401D9} = {925AA968-7D0E-48E4-8DBD-20D683682AEB}
		{13859F95-D2B1-5E23-1502-B3213F48BB32} = {925AA968-7D0E-48E4-8DBD-20D683682AEB}
		{5D190675-AC51-4164-9760-ECADA97ED1F8} = {02EA681E-C7D8-13C7-8484-4AC65E1B71E8}
		{9D6A016C-DDEF-4FB9-84CD-EC75607819C7} = {02EA681E-C7D8-13C7-8484-4AC65E1B71E8}
		{36E98D27-14BE-46D1-8623-E8286DA6F202} = {02EA681E-C7D8-13C7-8484-4AC65E1B71E8}
		{14B48DD7-571D-4A8B-B473-0A2D33D3851B} = {02EA681E-C7D8-13C7-8484-4AC65E1B71E8}
		{03B592F8-C74B-4ED5-BEFF-3108D30F69AD} = {93219DB2-34C7-460E-BCC1-FE47F17CC0A9}
		{D379E48F-3957-49F6-B2F6-B3785FA8C732} = {93219DB2-34C7-460E-BCC1-FE47F17CC0A9}
		{EE63C98C-521B-4F7E-93BA-A13060C69C15} = {93219DB2-34C7-460E-BCC1-FE47F17CC0A9}
		{D1CF0ED2-5AF4-4D4F-A686-D12D96F6A693} = {93219DB2-34C7-460E-BCC1-FE47F17CC0A9}
		{E2FF0321-9AD3-4967-9CB1-DB8B390447F3} = {BA4D33C7-591B-44E4-AFD9-3B521E5B2093}
		{0EC823F8-E2C5-492F-B2DF-375B1A1A9323} = {BA4D33C7-591B-44E4-AFD9-3B521E5B2093}
		{9F803583-1D92-41BB-BC1F-7988FC928479} = {BA4D33C7-591B-44E4-AFD9-3B521E5B2093}
		{D86E352E-AFD9-4DD6-85AA-F72ED084934A} = {BA4D33C7-591B-44E4-AFD9-3B521E5B2093}
		{BA7F3E3C-D2EB-4EB1-A012-4EA7E01DB6A2} = {C2DA73B1-519F-4A3B-A579-265A007FC43C}
		{472C8F0D-A3FE-4A5E-ABB4-E72B8AA46EE5} = {C2DA73B1-519F-4A3B-A579-265A007FC43C}
		{760E3F10-62C7-47B1-91CF-59860D8CD301} = {C2DA73B1-519F-4A3B-A579-265A007FC43C}
		{0A3DAD92-EF6F-4C98-99F6-4154AF409183} = {C2DA73B1-519F-4A3B-A579-265A007FC43C}
		{5F46FA8D-0420-415C-B8A2-0EF1C188D8EC} = {CB95A312-26B1-4D0D-B710-14C8A88FCF37}
		{CE07C15F-26B0-4047-A5D8-B5CCDB0C55DF} = {CB95A312-26B1-4D0D-B710-14C8A88FCF37}
		{6D58519B-90F0-4B44-A022-F0D3A1629988} = {CB95A312-26B1-4D0D-B710-14C8A88FCF37}
		{BA404B92-AB5F-407B-8BE0-47DEA7EF762C} = {CB95A312-26B1-4D0D-B710-14C8A88FCF37}
		{28836646-D2E9-4947-A08F-1B3762E4DB15} = {A71B427F-B3DA-4709-B2D7-FEBA62ADCF12}
		{444C1164-1398-4BBD-8358-AF34F51ED265} = {A71B427F-B3DA-4709-B2D7-FEBA62ADCF12}
		{E462FC6C-6496-40CD-8679-0AF75D7185F2} = {A71B427F-B3DA-4709-B2D7-FEBA62ADCF12}
		{39E48B02-AD5D-43DF-B72D-AF19F3A5CE19} = {A71B427F-B3DA-4709-B2D7-FEBA62ADCF12}
		{02EA681E-C7D8-13C7-8484-4AC65E1B71E8} = {984BB9B3-3FA3-BE33-9484-CAC21695A33C}
		{93219DB2-34C7-460E-BCC1-FE47F17CC0A9} = {984BB9B3-3FA3-BE33-9484-CAC21695A33C}
		{BA4D33C7-591B-44E4-AFD9-3B521E5B2093} = {984BB9B3-3FA3-BE33-9484-CAC21695A33C}
		{C2DA73B1-519F-4A3B-A579-265A007FC43C} = {984BB9B3-3FA3-BE33-9484-CAC21695A33C}
		{CB95A312-26B1-4D0D-B710-14C8A88FCF37} = {984BB9B3-3FA3-BE33-9484-CAC21695A33C}
		{A71B427F-B3DA-4709-B2D7-FEBA62ADCF12} = {984BB9B3-3FA3-BE33-9484-CAC21695A33C}
	EndGlobalSection
	GlobalSection(ExtensibilityGlobals) = postSolution
		SolutionGuid = {5544D512-7A43-462D-8E05-DDE7847ED398}
	EndGlobalSection
EndGlobal
